// !$*UTF8*$!
{
	archiveVersion = 1;
	classes = {
	};
	objectVersion = 46;
	objects = {

/* Begin PBXBuildFile section */
		169D3C72FDE6C5590A1616F5 /* ofxCvFloatImage.cpp in Sources */ = {isa = PBXBuildFile; fileRef = 7B6A03390302D5A2C9F0E4AB /* ofxCvFloatImage.cpp */; };
		1D5F3298C2FA073628012944 /* ofxCvContourFinder.cpp in Sources */ = {isa = PBXBuildFile; fileRef = C76DE5C29BDBD2CAA1DD0021 /* ofxCvContourFinder.cpp */; };
		1D60589F0D05DD5A006BFB54 /* Foundation.framework in Frameworks */ = {isa = PBXBuildFile; fileRef = 1D30AB110D05D00D00671497 /* Foundation.framework */; };
		1DF5F4E00D08C38300B7A737 /* UIKit.framework in Frameworks */ = {isa = PBXBuildFile; fileRef = 1DF5F4DF0D08C38300B7A737 /* UIKit.framework */; };
		250A95BA26587BE85DB0A353 /* ofxCvColorImage.cpp in Sources */ = {isa = PBXBuildFile; fileRef = CE9C7160245B19131DAE6128 /* ofxCvColorImage.cpp */; };
		288765FD0DF74451002DB57D /* CoreGraphics.framework in Frameworks */ = {isa = PBXBuildFile; fileRef = 288765FC0DF74451002DB57D /* CoreGraphics.framework */; };
		5326AEA810A23A0500278DE6 /* CoreLocation.framework in Frameworks */ = {isa = PBXBuildFile; fileRef = 5326AEA710A23A0500278DE6 /* CoreLocation.framework */; };
		53F323EB10A20EDB00E0DAE4 /* OpenAL.framework in Frameworks */ = {isa = PBXBuildFile; fileRef = 53F323EA10A20EDB00E0DAE4 /* OpenAL.framework */; };
		63020F16C7E8DED980111241 /* ofxCvImage.cpp in Sources */ = {isa = PBXBuildFile; fileRef = C6151136D101F857DAE12722 /* ofxCvImage.cpp */; };
		678E130817951530005B6D19 /* Icon@2x.png in Resources */ = {isa = PBXBuildFile; fileRef = 678E130717951530005B6D19 /* Icon@2x.png */; };
		678E130A17951536005B6D19 /* Icon.png in Resources */ = {isa = PBXBuildFile; fileRef = 678E130917951536005B6D19 /* Icon.png */; };
		678E130C1795153C005B6D19 /* Default.png in Resources */ = {isa = PBXBuildFile; fileRef = 678E130B1795153C005B6D19 /* Default.png */; };
		678E130E17951540005B6D19 /* Default@2x.png in Resources */ = {isa = PBXBuildFile; fileRef = 678E130D17951540005B6D19 /* Default@2x.png */; };
		678E131017951549005B6D19 /* Default-568h@2x~iphone.png in Resources */ = {isa = PBXBuildFile; fileRef = 678E130F17951549005B6D19 /* Default-568h@2x~iphone.png */; };
		67DFA53619F92A69003B3434 /* Accelerate.framework in Frameworks */ = {isa = PBXBuildFile; fileRef = 67DFA53419F92A5E003B3434 /* Accelerate.framework */; };
		B00B77CA1F326BD800E1F723 /* main.mm in Sources */ = {isa = PBXBuildFile; fileRef = B00B77C91F326BC300E1F723 /* main.mm */; };
		B00B77D71F326C0200E1F723 /* ofApp.mm in Sources */ = {isa = PBXBuildFile; fileRef = B00B77D21F326BE900E1F723 /* ofApp.mm */; };
		B00B77E41F326C1700E1F723 /* OFAppViewController.mm in Sources */ = {isa = PBXBuildFile; fileRef = B00B77DF1F326C0B00E1F723 /* OFAppViewController.mm */; };
		B00B77EB1F326C2500E1F723 /* MyAppDelegate.mm in Sources */ = {isa = PBXBuildFile; fileRef = B00B77E81F326C1F00E1F723 /* MyAppDelegate.mm */; };
		B00B77EC1F326C2500E1F723 /* MyAppViewController.mm in Sources */ = {isa = PBXBuildFile; fileRef = B00B77EA1F326C1F00E1F723 /* MyAppViewController.mm */; };
		B0A8AC761F33E8E5007ED56D /* CoreImage.framework in Frameworks */ = {isa = PBXBuildFile; fileRef = B0A8AC751F33E8E4007ED56D /* CoreImage.framework */; };
		B0A8AC9F1F352604007ED56D /* ARProcessor.mm in Sources */ = {isa = PBXBuildFile; fileRef = B0A8AC9D1F352604007ED56D /* ARProcessor.mm */; };
		B0B9CF8F1F327EA400B07B89 /* ARKit.framework in Frameworks */ = {isa = PBXBuildFile; fileRef = B0C1B9751F324C96005BA387 /* ARKit.framework */; };
		BB16EBD20F2B2A9500518274 /* OpenGLES.framework in Frameworks */ = {isa = PBXBuildFile; fileRef = BB16EBD10F2B2A9500518274 /* OpenGLES.framework */; };
		BB16EBD90F2B2AB500518274 /* QuartzCore.framework in Frameworks */ = {isa = PBXBuildFile; fileRef = BB16EBD80F2B2AB500518274 /* QuartzCore.framework */; };
		BBE5EAB80F49AD8400F28951 /* AudioToolbox.framework in Frameworks */ = {isa = PBXBuildFile; fileRef = BBE5EAB70F49AD8400F28951 /* AudioToolbox.framework */; };
		BD2DC8B4CC2C2BC0DD128073 /* AssetsLibrary.framework in Frameworks */ = {isa = PBXBuildFile; fileRef = CF6F9415A1CDA4F93172643E /* AssetsLibrary.framework */; };
		D3301F6A0B43BB293ED97C1D /* ofxCvShortImage.cpp in Sources */ = {isa = PBXBuildFile; fileRef = 8A4DD23693DFAB8EC05FAA5D /* ofxCvShortImage.cpp */; };
		E212C821D1064B92DD953A42 /* ofxCvHaarFinder.cpp in Sources */ = {isa = PBXBuildFile; fileRef = 9A16CBF2E8CFE43AF54FE6F5 /* ofxCvHaarFinder.cpp */; };
		E41D400B13B39D2100A75A5D /* AVFoundation.framework in Frameworks */ = {isa = PBXBuildFile; fileRef = E41D400613B39D2100A75A5D /* AVFoundation.framework */; };
		E41D400C13B39D2100A75A5D /* CoreMedia.framework in Frameworks */ = {isa = PBXBuildFile; fileRef = E41D400713B39D2100A75A5D /* CoreMedia.framework */; };
		E41D400D13B39D2100A75A5D /* CoreVideo.framework in Frameworks */ = {isa = PBXBuildFile; fileRef = E41D400813B39D2100A75A5D /* CoreVideo.framework */; };
		E41D400E13B39D2100A75A5D /* MapKit.framework in Frameworks */ = {isa = PBXBuildFile; fileRef = E41D400913B39D2100A75A5D /* MapKit.framework */; };
		E41D421413B3A95300A75A5D /* libofxiOS_iphoneos_Debug.a in Frameworks */ = {isa = PBXBuildFile; fileRef = E41D410213B3A0D800A75A5D /* libofxiOS_iphoneos_Debug.a */; };
		FB09C6B2A1DA0EA217240CB8 /* ofxCvGrayscaleImage.cpp in Sources */ = {isa = PBXBuildFile; fileRef = 057122A817D12571F8C0C7A4 /* ofxCvGrayscaleImage.cpp */; };
/* End PBXBuildFile section */

/* Begin PBXContainerItemProxy section */
		E41D410113B3A0D800A75A5D /* PBXContainerItemProxy */ = {
			isa = PBXContainerItemProxy;
			containerPortal = E41D40FD13B3A0D800A75A5D /* iOS+OFLib.xcodeproj */;
			proxyType = 2;
			remoteGlobalIDString = BB24DED610DA7A3F00E9C588;
			remoteInfo = "iPhone+OF Static Library";
		};
		E41D410313B3A11300A75A5D /* PBXContainerItemProxy */ = {
			isa = PBXContainerItemProxy;
			containerPortal = E41D40FD13B3A0D800A75A5D /* iOS+OFLib.xcodeproj */;
			proxyType = 1;
			remoteGlobalIDString = BB24DE5C10DA7A3F00E9C588;
			remoteInfo = "iPhone+OF Static Library";
		};
/* End PBXContainerItemProxy section */

/* Begin PBXFileReference section */
		011E372AEA4DFBC1A32C2851 /* all_indices.h */ = {isa = PBXFileReference; explicitFileType = sourcecode.c.h; fileEncoding = 30; name = all_indices.h; path = ../../../addons/ofxOpenCv/libs/opencv/include/opencv2/flann/all_indices.h; sourceTree = SOURCE_ROOT; };
		0173A3F435DECD5A4DDE0B8E /* logger.h */ = {isa = PBXFileReference; explicitFileType = sourcecode.c.h; fileEncoding = 30; name = logger.h; path = ../../../addons/ofxOpenCv/libs/opencv/include/opencv2/flann/logger.h; sourceTree = SOURCE_ROOT; };
		01DAE5C2E3E0A74207B2BE49 /* saving.h */ = {isa = PBXFileReference; explicitFileType = sourcecode.c.h; fileEncoding = 30; name = saving.h; path = ../../../addons/ofxOpenCv/libs/opencv/include/opencv2/flann/saving.h; sourceTree = SOURCE_ROOT; };
		0339099A1F7B84040D88AD3C /* warp_shuffle.hpp */ = {isa = PBXFileReference; explicitFileType = sourcecode.c.h; fileEncoding = 30; name = warp_shuffle.hpp; path = ../../../addons/ofxOpenCv/libs/opencv/include/opencv2/gpu/device/warp_shuffle.hpp; sourceTree = SOURCE_ROOT; };
		057122A817D12571F8C0C7A4 /* ofxCvGrayscaleImage.cpp */ = {isa = PBXFileReference; explicitFileType = sourcecode.cpp.cpp; fileEncoding = 30; name = ofxCvGrayscaleImage.cpp; path = ../../../addons/ofxOpenCv/src/ofxCvGrayscaleImage.cpp; sourceTree = SOURCE_ROOT; };
		057D8E7580EA21E2254ADDDA /* camera.hpp */ = {isa = PBXFileReference; explicitFileType = sourcecode.c.h; fileEncoding = 30; name = camera.hpp; path = ../../../addons/ofxOpenCv/libs/opencv/include/opencv2/stitching/detail/camera.hpp; sourceTree = SOURCE_ROOT; };
		075597E52E99BDE94F8036B2 /* fast_marching_inl.hpp */ = {isa = PBXFileReference; explicitFileType = sourcecode.c.h; fileEncoding = 30; name = fast_marching_inl.hpp; path = ../../../addons/ofxOpenCv/libs/opencv/include/opencv2/videostab/fast_marching_inl.hpp; sourceTree = SOURCE_ROOT; };
		087522EA37A32B8D902CAB64 /* core_c.h */ = {isa = PBXFileReference; explicitFileType = sourcecode.c.h; fileEncoding = 30; name = core_c.h; path = ../../../addons/ofxOpenCv/libs/opencv/include/opencv2/core/core_c.h; sourceTree = SOURCE_ROOT; };
		096CB33CAD6C5A446E7026E9 /* dynamic_bitset.h */ = {isa = PBXFileReference; explicitFileType = sourcecode.c.h; fileEncoding = 30; name = dynamic_bitset.h; path = ../../../addons/ofxOpenCv/libs/opencv/include/opencv2/flann/dynamic_bitset.h; sourceTree = SOURCE_ROOT; };
		0ADD044A3066779F3673F1FE /* static_check.hpp */ = {isa = PBXFileReference; explicitFileType = sourcecode.c.h; fileEncoding = 30; name = static_check.hpp; path = ../../../addons/ofxOpenCv/libs/opencv/include/opencv2/gpu/device/static_check.hpp; sourceTree = SOURCE_ROOT; };
		0B87BF43E5302005FEF650B6 /* ios.h */ = {isa = PBXFileReference; explicitFileType = sourcecode.c.h; fileEncoding = 30; name = ios.h; path = ../../../addons/ofxOpenCv/libs/opencv/include/opencv2/highgui/ios.h; sourceTree = SOURCE_ROOT; };
		0CEC1FE946DBDBAB82AF6FE3 /* global_motion.hpp */ = {isa = PBXFileReference; explicitFileType = sourcecode.c.h; fileEncoding = 30; name = global_motion.hpp; path = ../../../addons/ofxOpenCv/libs/opencv/include/opencv2/videostab/global_motion.hpp; sourceTree = SOURCE_ROOT; };
		0CF0AA3895D28E97D8A1E4A9 /* ground_truth.h */ = {isa = PBXFileReference; explicitFileType = sourcecode.c.h; fileEncoding = 30; name = ground_truth.h; path = ../../../addons/ofxOpenCv/libs/opencv/include/opencv2/flann/ground_truth.h; sourceTree = SOURCE_ROOT; };
		1054B4574F75C1F693C147C6 /* optical_flow.hpp */ = {isa = PBXFileReference; explicitFileType = sourcecode.c.h; fileEncoding = 30; name = optical_flow.hpp; path = ../../../addons/ofxOpenCv/libs/opencv/include/opencv2/videostab/optical_flow.hpp; sourceTree = SOURCE_ROOT; };
		114B872696817CC33990FC83 /* imgproc.hpp */ = {isa = PBXFileReference; explicitFileType = sourcecode.c.h; fileEncoding = 30; name = imgproc.hpp; path = ../../../addons/ofxOpenCv/libs/opencv/include/opencv2/imgproc/imgproc.hpp; sourceTree = SOURCE_ROOT; };
		1335F3F49E8A72CB04FA873D /* util_inl.hpp */ = {isa = PBXFileReference; explicitFileType = sourcecode.c.h; fileEncoding = 30; name = util_inl.hpp; path = ../../../addons/ofxOpenCv/libs/opencv/include/opencv2/stitching/detail/util_inl.hpp; sourceTree = SOURCE_ROOT; };
		17CE5A4068930946980DE788 /* stabilizer.hpp */ = {isa = PBXFileReference; explicitFileType = sourcecode.c.h; fileEncoding = 30; name = stabilizer.hpp; path = ../../../addons/ofxOpenCv/libs/opencv/include/opencv2/videostab/stabilizer.hpp; sourceTree = SOURCE_ROOT; };
		18E16A7CA55F6761C64833F7 /* vec_traits.hpp */ = {isa = PBXFileReference; explicitFileType = sourcecode.c.h; fileEncoding = 30; name = vec_traits.hpp; path = ../../../addons/ofxOpenCv/libs/opencv/include/opencv2/gpu/device/vec_traits.hpp; sourceTree = SOURCE_ROOT; };
		1AD5FD8CB7EA240501080287 /* vec_math.hpp */ = {isa = PBXFileReference; explicitFileType = sourcecode.c.h; fileEncoding = 30; name = vec_math.hpp; path = ../../../addons/ofxOpenCv/libs/opencv/include/opencv2/gpu/device/vec_math.hpp; sourceTree = SOURCE_ROOT; };
		1C490B8705672F1410388922 /* reduce.hpp */ = {isa = PBXFileReference; explicitFileType = sourcecode.c.h; fileEncoding = 30; name = reduce.hpp; path = ../../../addons/ofxOpenCv/libs/opencv/include/opencv2/gpu/device/detail/reduce.hpp; sourceTree = SOURCE_ROOT; };
		1D30AB110D05D00D00671497 /* Foundation.framework */ = {isa = PBXFileReference; lastKnownFileType = wrapper.framework; name = Foundation.framework; path = System/Library/Frameworks/Foundation.framework; sourceTree = SDKROOT; };
		1D6058910D05DD3D006BFB54 /* ARToolkit.app */ = {isa = PBXFileReference; explicitFileType = wrapper.application; includeInIndex = 0; path = ARToolkit.app; sourceTree = BUILT_PRODUCTS_DIR; };
		1DF5F4DF0D08C38300B7A737 /* UIKit.framework */ = {isa = PBXFileReference; lastKnownFileType = wrapper.framework; name = UIKit.framework; path = System/Library/Frameworks/UIKit.framework; sourceTree = SDKROOT; };
		1E95EFD35ED9C5D97F2F015E /* timer.h */ = {isa = PBXFileReference; explicitFileType = sourcecode.c.h; fileEncoding = 30; name = timer.h; path = ../../../addons/ofxOpenCv/libs/opencv/include/opencv2/flann/timer.h; sourceTree = SOURCE_ROOT; };
		1F9D46D19614774956DFE362 /* seam_finders.hpp */ = {isa = PBXFileReference; explicitFileType = sourcecode.c.h; fileEncoding = 30; name = seam_finders.hpp; path = ../../../addons/ofxOpenCv/libs/opencv/include/opencv2/stitching/detail/seam_finders.hpp; sourceTree = SOURCE_ROOT; };
		2411F6B35DAAAE5083D51167 /* motion_estimators.hpp */ = {isa = PBXFileReference; explicitFileType = sourcecode.c.h; fileEncoding = 30; name = motion_estimators.hpp; path = ../../../addons/ofxOpenCv/libs/opencv/include/opencv2/stitching/detail/motion_estimators.hpp; sourceTree = SOURCE_ROOT; };
		26E4EEE253C8A6EFC3B3A639 /* warpers.hpp */ = {isa = PBXFileReference; explicitFileType = sourcecode.c.h; fileEncoding = 30; name = warpers.hpp; path = ../../../addons/ofxOpenCv/libs/opencv/include/opencv2/stitching/detail/warpers.hpp; sourceTree = SOURCE_ROOT; };
		288765FC0DF74451002DB57D /* CoreGraphics.framework */ = {isa = PBXFileReference; lastKnownFileType = wrapper.framework; name = CoreGraphics.framework; path = System/Library/Frameworks/CoreGraphics.framework; sourceTree = SDKROOT; };
		293D553B5067FBB8DEFA84D9 /* cap_ios.h */ = {isa = PBXFileReference; explicitFileType = sourcecode.c.h; fileEncoding = 30; name = cap_ios.h; path = ../../../addons/ofxOpenCv/libs/opencv/include/opencv2/highgui/cap_ios.h; sourceTree = SOURCE_ROOT; };
		2B75A06D9EF1817256BA26F6 /* type_traits_detail.hpp */ = {isa = PBXFileReference; explicitFileType = sourcecode.c.h; fileEncoding = 30; name = type_traits_detail.hpp; path = ../../../addons/ofxOpenCv/libs/opencv/include/opencv2/gpu/device/detail/type_traits_detail.hpp; sourceTree = SOURCE_ROOT; };
		2E411F99E3AB7154484B4F96 /* kmeans_index.h */ = {isa = PBXFileReference; explicitFileType = sourcecode.c.h; fileEncoding = 30; name = kmeans_index.h; path = ../../../addons/ofxOpenCv/libs/opencv/include/opencv2/flann/kmeans_index.h; sourceTree = SOURCE_ROOT; };
		30884ECD9C171AB1B1BDFC3F /* cv.hpp */ = {isa = PBXFileReference; explicitFileType = sourcecode.c.h; fileEncoding = 30; name = cv.hpp; path = ../../../addons/ofxOpenCv/libs/opencv/include/opencv/cv.hpp; sourceTree = SOURCE_ROOT; };
		311F65A208008448840A0A42 /* opengl_interop_deprecated.hpp */ = {isa = PBXFileReference; explicitFileType = sourcecode.c.h; fileEncoding = 30; name = opengl_interop_deprecated.hpp; path = ../../../addons/ofxOpenCv/libs/opencv/include/opencv2/core/opengl_interop_deprecated.hpp; sourceTree = SOURCE_ROOT; };
		319268D200F1BA567E4CCFF9 /* cxeigen.hpp */ = {isa = PBXFileReference; explicitFileType = sourcecode.c.h; fileEncoding = 30; name = cxeigen.hpp; path = ../../../addons/ofxOpenCv/libs/opencv/include/opencv/cxeigen.hpp; sourceTree = SOURCE_ROOT; };
		31BE73BA37686CA4E4904323 /* matchers.hpp */ = {isa = PBXFileReference; explicitFileType = sourcecode.c.h; fileEncoding = 30; name = matchers.hpp; path = ../../../addons/ofxOpenCv/libs/opencv/include/opencv2/stitching/detail/matchers.hpp; sourceTree = SOURCE_ROOT; };
		32CA4F630368D1EE00C91783 /* ofxiOS_Prefix.pch */ = {isa = PBXFileReference; fileEncoding = 4; lastKnownFileType = sourcecode.c.h; path = ofxiOS_Prefix.pch; sourceTree = "<group>"; };
		33FF03222909C1A0ECE43753 /* cv.h */ = {isa = PBXFileReference; explicitFileType = sourcecode.c.h; fileEncoding = 30; name = cv.h; path = ../../../addons/ofxOpenCv/libs/opencv/include/opencv/cv.h; sourceTree = SOURCE_ROOT; };
		35EEEA3F57EFB3D7DE4C0DED /* saturate_cast.hpp */ = {isa = PBXFileReference; explicitFileType = sourcecode.c.h; fileEncoding = 30; name = saturate_cast.hpp; path = ../../../addons/ofxOpenCv/libs/opencv/include/opencv2/gpu/device/saturate_cast.hpp; sourceTree = SOURCE_ROOT; };
		36F0FF7F8D7342D220CC6319 /* dummy.h */ = {isa = PBXFileReference; explicitFileType = sourcecode.c.h; fileEncoding = 30; name = dummy.h; path = ../../../addons/ofxOpenCv/libs/opencv/include/opencv2/flann/dummy.h; sourceTree = SOURCE_ROOT; };
		37D155721DCC51F3D1DC2E02 /* color_detail.hpp */ = {isa = PBXFileReference; explicitFileType = sourcecode.c.h; fileEncoding = 30; name = color_detail.hpp; path = ../../../addons/ofxOpenCv/libs/opencv/include/opencv2/gpu/device/detail/color_detail.hpp; sourceTree = SOURCE_ROOT; };
		3ADB4E06C4EDB97E020A778D /* functional.hpp */ = {isa = PBXFileReference; explicitFileType = sourcecode.c.h; fileEncoding = 30; name = functional.hpp; path = ../../../addons/ofxOpenCv/libs/opencv/include/opencv2/gpu/device/functional.hpp; sourceTree = SOURCE_ROOT; };
		417A0B7154103C22ECC253E8 /* reduce_key_val.hpp */ = {isa = PBXFileReference; explicitFileType = sourcecode.c.h; fileEncoding = 30; name = reduce_key_val.hpp; path = ../../../addons/ofxOpenCv/libs/opencv/include/opencv2/gpu/device/detail/reduce_key_val.hpp; sourceTree = SOURCE_ROOT; };
		41E9090E543FC2D51BFD312C /* warp_reduce.hpp */ = {isa = PBXFileReference; explicitFileType = sourcecode.c.h; fileEncoding = 30; name = warp_reduce.hpp; path = ../../../addons/ofxOpenCv/libs/opencv/include/opencv2/gpu/device/warp_reduce.hpp; sourceTree = SOURCE_ROOT; };
		44A8175B7C8A100B5BEF5DE4 /* autocalib.hpp */ = {isa = PBXFileReference; explicitFileType = sourcecode.c.h; fileEncoding = 30; name = autocalib.hpp; path = ../../../addons/ofxOpenCv/libs/opencv/include/opencv2/stitching/detail/autocalib.hpp; sourceTree = SOURCE_ROOT; };
		452417865E4BFB10C9CBF8A2 /* internal.hpp */ = {isa = PBXFileReference; explicitFileType = sourcecode.c.h; fileEncoding = 30; name = internal.hpp; path = ../../../addons/ofxOpenCv/libs/opencv/include/opencv2/core/internal.hpp; sourceTree = SOURCE_ROOT; };
		45410DD818BB205166E67E89 /* any.h */ = {isa = PBXFileReference; explicitFileType = sourcecode.c.h; fileEncoding = 30; name = any.h; path = ../../../addons/ofxOpenCv/libs/opencv/include/opencv2/flann/any.h; sourceTree = SOURCE_ROOT; };
		45E004D1064EC5B8C5C40A83 /* ts_perf.hpp */ = {isa = PBXFileReference; explicitFileType = sourcecode.c.h; fileEncoding = 30; name = ts_perf.hpp; path = ../../../addons/ofxOpenCv/libs/opencv/include/opencv2/ts/ts_perf.hpp; sourceTree = SOURCE_ROOT; };
		45F38573A0B0DEEC8BBC7A2C /* simplex_downhill.h */ = {isa = PBXFileReference; explicitFileType = sourcecode.c.h; fileEncoding = 30; name = simplex_downhill.h; path = ../../../addons/ofxOpenCv/libs/opencv/include/opencv2/flann/simplex_downhill.h; sourceTree = SOURCE_ROOT; };
		49EFFCF36CF194CCE0E1FAAB /* kdtree_index.h */ = {isa = PBXFileReference; explicitFileType = sourcecode.c.h; fileEncoding = 30; name = kdtree_index.h; path = ../../../addons/ofxOpenCv/libs/opencv/include/opencv2/flann/kdtree_index.h; sourceTree = SOURCE_ROOT; };
		4CD2228F2C8116D51179E3A3 /* devmem2d.hpp */ = {isa = PBXFileReference; explicitFileType = sourcecode.c.h; fileEncoding = 30; name = devmem2d.hpp; path = ../../../addons/ofxOpenCv/libs/opencv/include/opencv2/core/devmem2d.hpp; sourceTree = SOURCE_ROOT; };
		4CFA8A81B93736DE82F0090A /* gpumat.hpp */ = {isa = PBXFileReference; explicitFileType = sourcecode.c.h; fileEncoding = 30; name = gpumat.hpp; path = ../../../addons/ofxOpenCv/libs/opencv/include/opencv2/core/gpumat.hpp; sourceTree = SOURCE_ROOT; };
		5105862F1606831E9239FEAF /* simd_functions.hpp */ = {isa = PBXFileReference; explicitFileType = sourcecode.c.h; fileEncoding = 30; name = simd_functions.hpp; path = ../../../addons/ofxOpenCv/libs/opencv/include/opencv2/gpu/device/simd_functions.hpp; sourceTree = SOURCE_ROOT; };
		516717F84C0146512C47A3EC /* ofxCvHaarFinder.h */ = {isa = PBXFileReference; explicitFileType = sourcecode.c.h; fileEncoding = 30; name = ofxCvHaarFinder.h; path = ../../../addons/ofxOpenCv/src/ofxCvHaarFinder.h; sourceTree = SOURCE_ROOT; };
		5326AEA710A23A0500278DE6 /* CoreLocation.framework */ = {isa = PBXFileReference; lastKnownFileType = wrapper.framework; name = CoreLocation.framework; path = System/Library/Frameworks/CoreLocation.framework; sourceTree = SDKROOT; };
		53F323EA10A20EDB00E0DAE4 /* OpenAL.framework */ = {isa = PBXFileReference; lastKnownFileType = wrapper.framework; name = OpenAL.framework; path = System/Library/Frameworks/OpenAL.framework; sourceTree = SDKROOT; };
		56ED74AD5FC73867F5E046F0 /* photo_c.h */ = {isa = PBXFileReference; explicitFileType = sourcecode.c.h; fileEncoding = 30; name = photo_c.h; path = ../../../addons/ofxOpenCv/libs/opencv/include/opencv2/photo/photo_c.h; sourceTree = SOURCE_ROOT; };
		586A8EC141BDFA82B3B0518C /* config.h */ = {isa = PBXFileReference; explicitFileType = sourcecode.c.h; fileEncoding = 30; name = config.h; path = ../../../addons/ofxOpenCv/libs/opencv/include/opencv2/flann/config.h; sourceTree = SOURCE_ROOT; };
		59570D160E1EDD6EB832826A /* frame_source.hpp */ = {isa = PBXFileReference; explicitFileType = sourcecode.c.h; fileEncoding = 30; name = frame_source.hpp; path = ../../../addons/ofxOpenCv/libs/opencv/include/opencv2/videostab/frame_source.hpp; sourceTree = SOURCE_ROOT; };
		59626D03C690200AD4E8B3A6 /* ml.hpp */ = {isa = PBXFileReference; explicitFileType = sourcecode.c.h; fileEncoding = 30; name = ml.hpp; path = ../../../addons/ofxOpenCv/libs/opencv/include/opencv2/ml/ml.hpp; sourceTree = SOURCE_ROOT; };
		5A59183C98FC5E69FC90F138 /* contrib.hpp */ = {isa = PBXFileReference; explicitFileType = sourcecode.c.h; fileEncoding = 30; name = contrib.hpp; path = ../../../addons/ofxOpenCv/libs/opencv/include/opencv2/contrib/contrib.hpp; sourceTree = SOURCE_ROOT; };
		5A5CDEE1BFF097614562CD88 /* common.hpp */ = {isa = PBXFileReference; explicitFileType = sourcecode.c.h; fileEncoding = 30; name = common.hpp; path = ../../../addons/ofxOpenCv/libs/opencv/include/opencv2/gpu/device/common.hpp; sourceTree = SOURCE_ROOT; };
		5D966EA1AA66E2D55D047733 /* blobtrack.hpp */ = {isa = PBXFileReference; explicitFileType = sourcecode.c.h; fileEncoding = 30; name = blobtrack.hpp; path = ../../../addons/ofxOpenCv/libs/opencv/include/opencv2/legacy/blobtrack.hpp; sourceTree = SOURCE_ROOT; };
		60179A75A6C5F9A54DA3A64C /* streams.hpp */ = {isa = PBXFileReference; explicitFileType = sourcecode.c.h; fileEncoding = 30; name = streams.hpp; path = ../../../addons/ofxOpenCv/libs/opencv/include/opencv2/legacy/streams.hpp; sourceTree = SOURCE_ROOT; };
		603F2267D449084A4187A049 /* ofxCvBlob.h */ = {isa = PBXFileReference; explicitFileType = sourcecode.c.h; fileEncoding = 30; name = ofxCvBlob.h; path = ../../../addons/ofxOpenCv/src/ofxCvBlob.h; sourceTree = SOURCE_ROOT; };
		61339778C58D921474B5729E /* features2d.hpp */ = {isa = PBXFileReference; explicitFileType = sourcecode.c.h; fileEncoding = 30; name = features2d.hpp; path = ../../../addons/ofxOpenCv/libs/opencv/include/opencv2/features2d/features2d.hpp; sourceTree = SOURCE_ROOT; };
		63152EF07846DECD2854B62C /* utility.hpp */ = {isa = PBXFileReference; explicitFileType = sourcecode.c.h; fileEncoding = 30; name = utility.hpp; path = ../../../addons/ofxOpenCv/libs/opencv/include/opencv2/gpu/device/utility.hpp; sourceTree = SOURCE_ROOT; };
		665780A3005496E3A4A0D9EF /* compat.hpp */ = {isa = PBXFileReference; explicitFileType = sourcecode.c.h; fileEncoding = 30; name = compat.hpp; path = ../../../addons/ofxOpenCv/libs/opencv/include/opencv2/legacy/compat.hpp; sourceTree = SOURCE_ROOT; };
		678E130717951530005B6D19 /* Icon@2x.png */ = {isa = PBXFileReference; lastKnownFileType = image.png; name = "Icon@2x.png"; path = "bin/data/Icon@2x.png"; sourceTree = "<group>"; };
		678E130917951536005B6D19 /* Icon.png */ = {isa = PBXFileReference; lastKnownFileType = image.png; name = Icon.png; path = bin/data/Icon.png; sourceTree = "<group>"; };
		678E130B1795153C005B6D19 /* Default.png */ = {isa = PBXFileReference; lastKnownFileType = image.png; name = Default.png; path = bin/data/Default.png; sourceTree = "<group>"; };
		678E130D17951540005B6D19 /* Default@2x.png */ = {isa = PBXFileReference; lastKnownFileType = image.png; name = "Default@2x.png"; path = "bin/data/Default@2x.png"; sourceTree = "<group>"; };
		678E130F17951549005B6D19 /* Default-568h@2x~iphone.png */ = {isa = PBXFileReference; lastKnownFileType = image.png; name = "Default-568h@2x~iphone.png"; path = "bin/data/Default-568h@2x~iphone.png"; sourceTree = "<group>"; };
		67AF0E794FA186DD25454CC9 /* calib3d.hpp */ = {isa = PBXFileReference; explicitFileType = sourcecode.c.h; fileEncoding = 30; name = calib3d.hpp; path = ../../../addons/ofxOpenCv/libs/opencv/include/opencv2/calib3d/calib3d.hpp; sourceTree = SOURCE_ROOT; };
		67DFA53419F92A5E003B3434 /* Accelerate.framework */ = {isa = PBXFileReference; lastKnownFileType = wrapper.framework; name = Accelerate.framework; path = System/Library/Frameworks/Accelerate.framework; sourceTree = SDKROOT; };
		6940F9A28CDC85ED7D1847C1 /* emulation.hpp */ = {isa = PBXFileReference; explicitFileType = sourcecode.c.h; fileEncoding = 30; name = emulation.hpp; path = ../../../addons/ofxOpenCv/libs/opencv/include/opencv2/gpu/device/emulation.hpp; sourceTree = SOURCE_ROOT; };
		6B907CFBB1B0FEDE76C41AA0 /* heap.h */ = {isa = PBXFileReference; explicitFileType = sourcecode.c.h; fileEncoding = 30; name = heap.h; path = ../../../addons/ofxOpenCv/libs/opencv/include/opencv2/flann/heap.h; sourceTree = SOURCE_ROOT; };
		6DD5A3CBB6D5BBA1C1354F1B /* flann.hpp */ = {isa = PBXFileReference; explicitFileType = sourcecode.c.h; fileEncoding = 30; name = flann.hpp; path = ../../../addons/ofxOpenCv/libs/opencv/include/opencv2/flann/flann.hpp; sourceTree = SOURCE_ROOT; };
		7101CF2125B8B2BF46AA2662 /* cxcore.hpp */ = {isa = PBXFileReference; explicitFileType = sourcecode.c.h; fileEncoding = 30; name = cxcore.hpp; path = ../../../addons/ofxOpenCv/libs/opencv/include/opencv/cxcore.hpp; sourceTree = SOURCE_ROOT; };
		71C98C3F44D63B39F1482A54 /* background_segm.hpp */ = {isa = PBXFileReference; explicitFileType = sourcecode.c.h; fileEncoding = 30; name = background_segm.hpp; path = ../../../addons/ofxOpenCv/libs/opencv/include/opencv2/video/background_segm.hpp; sourceTree = SOURCE_ROOT; };
		722542BCDC94162B6A8B9B72 /* defines.h */ = {isa = PBXFileReference; explicitFileType = sourcecode.c.h; fileEncoding = 30; name = defines.h; path = ../../../addons/ofxOpenCv/libs/opencv/include/opencv2/flann/defines.h; sourceTree = SOURCE_ROOT; };
		7279658ADA9582251CB1D783 /* log.hpp */ = {isa = PBXFileReference; explicitFileType = sourcecode.c.h; fileEncoding = 30; name = log.hpp; path = ../../../addons/ofxOpenCv/libs/opencv/include/opencv2/videostab/log.hpp; sourceTree = SOURCE_ROOT; };
		73CB9E4F6812598081C2FE01 /* opengl_interop.hpp */ = {isa = PBXFileReference; explicitFileType = sourcecode.c.h; fileEncoding = 30; name = opengl_interop.hpp; path = ../../../addons/ofxOpenCv/libs/opencv/include/opencv2/core/opengl_interop.hpp; sourceTree = SOURCE_ROOT; };
		74889E354F64911B56A1CAD1 /* warp.hpp */ = {isa = PBXFileReference; explicitFileType = sourcecode.c.h; fileEncoding = 30; name = warp.hpp; path = ../../../addons/ofxOpenCv/libs/opencv/include/opencv2/gpu/device/warp.hpp; sourceTree = SOURCE_ROOT; };
		758F19335D4E46A5E0DE449F /* kdtree_single_index.h */ = {isa = PBXFileReference; explicitFileType = sourcecode.c.h; fileEncoding = 30; name = kdtree_single_index.h; path = ../../../addons/ofxOpenCv/libs/opencv/include/opencv2/flann/kdtree_single_index.h; sourceTree = SOURCE_ROOT; };
		7673F0AA19794A4C9517CF14 /* ts.hpp */ = {isa = PBXFileReference; explicitFileType = sourcecode.c.h; fileEncoding = 30; name = ts.hpp; path = ../../../addons/ofxOpenCv/libs/opencv/include/opencv2/ts/ts.hpp; sourceTree = SOURCE_ROOT; };
		79E285EDBBEA89226444A4D0 /* blenders.hpp */ = {isa = PBXFileReference; explicitFileType = sourcecode.c.h; fileEncoding = 30; name = blenders.hpp; path = ../../../addons/ofxOpenCv/libs/opencv/include/opencv2/stitching/detail/blenders.hpp; sourceTree = SOURCE_ROOT; };
		7B6A03390302D5A2C9F0E4AB /* ofxCvFloatImage.cpp */ = {isa = PBXFileReference; explicitFileType = sourcecode.cpp.cpp; fileEncoding = 30; name = ofxCvFloatImage.cpp; path = ../../../addons/ofxOpenCv/src/ofxCvFloatImage.cpp; sourceTree = SOURCE_ROOT; };
		7C3D9C0EAC738ED2624D264B /* ml.h */ = {isa = PBXFileReference; explicitFileType = sourcecode.c.h; fileEncoding = 30; name = ml.h; path = ../../../addons/ofxOpenCv/libs/opencv/include/opencv/ml.h; sourceTree = SOURCE_ROOT; };
		7D86D41170A02B361853AB73 /* vec_distance.hpp */ = {isa = PBXFileReference; explicitFileType = sourcecode.c.h; fileEncoding = 30; name = vec_distance.hpp; path = ../../../addons/ofxOpenCv/libs/opencv/include/opencv2/gpu/device/vec_distance.hpp; sourceTree = SOURCE_ROOT; };
		7E57AAE3FAB29F87D19451BC /* sampling.h */ = {isa = PBXFileReference; explicitFileType = sourcecode.c.h; fileEncoding = 30; name = sampling.h; path = ../../../addons/ofxOpenCv/libs/opencv/include/opencv2/flann/sampling.h; sourceTree = SOURCE_ROOT; };
		84238297E460936905B92D16 /* limits.hpp */ = {isa = PBXFileReference; explicitFileType = sourcecode.c.h; fileEncoding = 30; name = limits.hpp; path = ../../../addons/ofxOpenCv/libs/opencv/include/opencv2/gpu/device/limits.hpp; sourceTree = SOURCE_ROOT; };
		8530EAD600CD792B81B2E79D /* legacy.hpp */ = {isa = PBXFileReference; explicitFileType = sourcecode.c.h; fileEncoding = 30; name = legacy.hpp; path = ../../../addons/ofxOpenCv/libs/opencv/include/opencv2/legacy/legacy.hpp; sourceTree = SOURCE_ROOT; };
		87DBF560FF25F1CD2E737825 /* openfabmap.hpp */ = {isa = PBXFileReference; explicitFileType = sourcecode.c.h; fileEncoding = 30; name = openfabmap.hpp; path = ../../../addons/ofxOpenCv/libs/opencv/include/opencv2/contrib/openfabmap.hpp; sourceTree = SOURCE_ROOT; };
		8A4DD23693DFAB8EC05FAA5D /* ofxCvShortImage.cpp */ = {isa = PBXFileReference; explicitFileType = sourcecode.cpp.cpp; fileEncoding = 30; name = ofxCvShortImage.cpp; path = ../../../addons/ofxOpenCv/src/ofxCvShortImage.cpp; sourceTree = SOURCE_ROOT; };
		8DB45DE3BD6BB97E34BDB411 /* nn_index.h */ = {isa = PBXFileReference; explicitFileType = sourcecode.c.h; fileEncoding = 30; name = nn_index.h; path = ../../../addons/ofxOpenCv/libs/opencv/include/opencv2/flann/nn_index.h; sourceTree = SOURCE_ROOT; };
		8E79CF8911DFABAFE23EA45B /* ofxCvConstants.h */ = {isa = PBXFileReference; explicitFileType = sourcecode.c.h; fileEncoding = 30; name = ofxCvConstants.h; path = ../../../addons/ofxOpenCv/src/ofxCvConstants.h; sourceTree = SOURCE_ROOT; };
		8FB4573CDB2FB9658ACF87AA /* gpu_test.hpp */ = {isa = PBXFileReference; explicitFileType = sourcecode.c.h; fileEncoding = 30; name = gpu_test.hpp; path = ../../../addons/ofxOpenCv/libs/opencv/include/opencv2/ts/gpu_test.hpp; sourceTree = SOURCE_ROOT; };
		946187321200AC04E570E6EC /* hierarchical_clustering_index.h */ = {isa = PBXFileReference; explicitFileType = sourcecode.c.h; fileEncoding = 30; name = hierarchical_clustering_index.h; path = ../../../addons/ofxOpenCv/libs/opencv/include/opencv2/flann/hierarchical_clustering_index.h; sourceTree = SOURCE_ROOT; };
		960BD311ABBA7D3299D7FE1F /* datamov_utils.hpp */ = {isa = PBXFileReference; explicitFileType = sourcecode.c.h; fileEncoding = 30; name = datamov_utils.hpp; path = ../../../addons/ofxOpenCv/libs/opencv/include/opencv2/gpu/device/datamov_utils.hpp; sourceTree = SOURCE_ROOT; };
		974AACF856A0A1B7D8F259E0 /* result_set.h */ = {isa = PBXFileReference; explicitFileType = sourcecode.c.h; fileEncoding = 30; name = result_set.h; path = ../../../addons/ofxOpenCv/libs/opencv/include/opencv2/flann/result_set.h; sourceTree = SOURCE_ROOT; };
		97CFAD0B2F2DB004A8A3BC0B /* objdetect.hpp */ = {isa = PBXFileReference; explicitFileType = sourcecode.c.h; fileEncoding = 30; name = objdetect.hpp; path = ../../../addons/ofxOpenCv/libs/opencv/include/opencv2/objdetect/objdetect.hpp; sourceTree = SOURCE_ROOT; };
		97FBD89E6180673035AD1083 /* video.hpp */ = {isa = PBXFileReference; explicitFileType = sourcecode.c.h; fileEncoding = 30; name = video.hpp; path = ../../../addons/ofxOpenCv/libs/opencv/include/opencv2/video/video.hpp; sourceTree = SOURCE_ROOT; };
		9A048549F08C6DFFA79E6DEF /* ofxCvGrayscaleImage.h */ = {isa = PBXFileReference; explicitFileType = sourcecode.c.h; fileEncoding = 30; name = ofxCvGrayscaleImage.h; path = ../../../addons/ofxOpenCv/src/ofxCvGrayscaleImage.h; sourceTree = SOURCE_ROOT; };
		9A16CBF2E8CFE43AF54FE6F5 /* ofxCvHaarFinder.cpp */ = {isa = PBXFileReference; explicitFileType = sourcecode.cpp.cpp; fileEncoding = 30; name = ofxCvHaarFinder.cpp; path = ../../../addons/ofxOpenCv/src/ofxCvHaarFinder.cpp; sourceTree = SOURCE_ROOT; };
		9A807ED85FFB53D3638FCBE0 /* videostab.hpp */ = {isa = PBXFileReference; explicitFileType = sourcecode.c.h; fileEncoding = 30; name = videostab.hpp; path = ../../../addons/ofxOpenCv/libs/opencv/include/opencv2/videostab/videostab.hpp; sourceTree = SOURCE_ROOT; };
		9ABD8CF34D37FADFEB352B88 /* opencv_modules.hpp */ = {isa = PBXFileReference; explicitFileType = sourcecode.c.h; fileEncoding = 30; name = opencv_modules.hpp; path = ../../../addons/ofxOpenCv/libs/opencv/include/opencv2/opencv_modules.hpp; sourceTree = SOURCE_ROOT; };
		9B076DCB5B800BE9AF1B71A6 /* flann_base.hpp */ = {isa = PBXFileReference; explicitFileType = sourcecode.c.h; fileEncoding = 30; name = flann_base.hpp; path = ../../../addons/ofxOpenCv/libs/opencv/include/opencv2/flann/flann_base.hpp; sourceTree = SOURCE_ROOT; };
		9B55998E41388AD8704E4F9A /* imgproc_c.h */ = {isa = PBXFileReference; explicitFileType = sourcecode.c.h; fileEncoding = 30; name = imgproc_c.h; path = ../../../addons/ofxOpenCv/libs/opencv/include/opencv2/imgproc/imgproc_c.h; sourceTree = SOURCE_ROOT; };
		9B7D592E7AB311451A27C46E /* opencv.hpp */ = {isa = PBXFileReference; explicitFileType = sourcecode.c.h; fileEncoding = 30; name = opencv.hpp; path = ../../../addons/ofxOpenCv/libs/opencv/include/opencv2/opencv.hpp; sourceTree = SOURCE_ROOT; };
		9B90B3EE60497170AA00BFE8 /* types_c.h */ = {isa = PBXFileReference; explicitFileType = sourcecode.c.h; fileEncoding = 30; name = types_c.h; path = ../../../addons/ofxOpenCv/libs/opencv/include/opencv2/imgproc/types_c.h; sourceTree = SOURCE_ROOT; };
		9DA0CBD43DA38386EB04C9AE /* miniflann.hpp */ = {isa = PBXFileReference; explicitFileType = sourcecode.c.h; fileEncoding = 30; name = miniflann.hpp; path = ../../../addons/ofxOpenCv/libs/opencv/include/opencv2/flann/miniflann.hpp; sourceTree = SOURCE_ROOT; };
		9FF9126184DFBDE8A912373E /* highgui.h */ = {isa = PBXFileReference; explicitFileType = sourcecode.c.h; fileEncoding = 30; name = highgui.h; path = ../../../addons/ofxOpenCv/libs/opencv/include/opencv/highgui.h; sourceTree = SOURCE_ROOT; };
		A0399084868E7CAFB7E3D8E9 /* retina.hpp */ = {isa = PBXFileReference; explicitFileType = sourcecode.c.h; fileEncoding = 30; name = retina.hpp; path = ../../../addons/ofxOpenCv/libs/opencv/include/opencv2/contrib/retina.hpp; sourceTree = SOURCE_ROOT; };
		A15E0125B8C9B7F01DED5695 /* matrix.h */ = {isa = PBXFileReference; explicitFileType = sourcecode.c.h; fileEncoding = 30; name = matrix.h; path = ../../../addons/ofxOpenCv/libs/opencv/include/opencv2/flann/matrix.h; sourceTree = SOURCE_ROOT; };
		A1E5C3C977BF213B183ABC28 /* block.hpp */ = {isa = PBXFileReference; explicitFileType = sourcecode.c.h; fileEncoding = 30; name = block.hpp; path = ../../../addons/ofxOpenCv/libs/opencv/include/opencv2/gpu/device/block.hpp; sourceTree = SOURCE_ROOT; };
		A2C86A44C1FD1CB1DD189DFA /* transform.hpp */ = {isa = PBXFileReference; explicitFileType = sourcecode.c.h; fileEncoding = 30; name = transform.hpp; path = ../../../addons/ofxOpenCv/libs/opencv/include/opencv2/gpu/device/transform.hpp; sourceTree = SOURCE_ROOT; };
		A2EE5E80B134EA52A8B369D2 /* eigen.hpp */ = {isa = PBXFileReference; explicitFileType = sourcecode.c.h; fileEncoding = 30; name = eigen.hpp; path = ../../../addons/ofxOpenCv/libs/opencv/include/opencv2/core/eigen.hpp; sourceTree = SOURCE_ROOT; };
		A3411731962D0402217F182B /* fast_marching.hpp */ = {isa = PBXFileReference; explicitFileType = sourcecode.c.h; fileEncoding = 30; name = fast_marching.hpp; path = ../../../addons/ofxOpenCv/libs/opencv/include/opencv2/videostab/fast_marching.hpp; sourceTree = SOURCE_ROOT; };
		A770C8D74DA82B9944013381 /* gpu_perf.hpp */ = {isa = PBXFileReference; explicitFileType = sourcecode.c.h; fileEncoding = 30; name = gpu_perf.hpp; path = ../../../addons/ofxOpenCv/libs/opencv/include/opencv2/ts/gpu_perf.hpp; sourceTree = SOURCE_ROOT; };
		A9C85208C7E45FB9D1926789 /* wimage.hpp */ = {isa = PBXFileReference; explicitFileType = sourcecode.c.h; fileEncoding = 30; name = wimage.hpp; path = ../../../addons/ofxOpenCv/libs/opencv/include/opencv2/core/wimage.hpp; sourceTree = SOURCE_ROOT; };
		AB2AE477F82ACF17D0121166 /* mat.hpp */ = {isa = PBXFileReference; explicitFileType = sourcecode.c.h; fileEncoding = 30; name = mat.hpp; path = ../../../addons/ofxOpenCv/libs/opencv/include/opencv2/core/mat.hpp; sourceTree = SOURCE_ROOT; };
		AE433383D6CA170C418C8A9E /* highgui_c.h */ = {isa = PBXFileReference; explicitFileType = sourcecode.c.h; fileEncoding = 30; name = highgui_c.h; path = ../../../addons/ofxOpenCv/libs/opencv/include/opencv2/highgui/highgui_c.h; sourceTree = SOURCE_ROOT; };
		AF7C3C8465AD112E066C67A7 /* type_traits.hpp */ = {isa = PBXFileReference; explicitFileType = sourcecode.c.h; fileEncoding = 30; name = type_traits.hpp; path = ../../../addons/ofxOpenCv/libs/opencv/include/opencv2/gpu/device/type_traits.hpp; sourceTree = SOURCE_ROOT; };
		AF9A155219FEDFA6E95454EA /* gpu.hpp */ = {isa = PBXFileReference; explicitFileType = sourcecode.c.h; fileEncoding = 30; name = gpu.hpp; path = ../../../addons/ofxOpenCv/libs/opencv/include/opencv2/gpu/gpu.hpp; sourceTree = SOURCE_ROOT; };
		B00B77C91F326BC300E1F723 /* main.mm */ = {isa = PBXFileReference; lastKnownFileType = sourcecode.cpp.objcpp; name = main.mm; path = src/main.mm; sourceTree = SOURCE_ROOT; };
		B00B77D21F326BE900E1F723 /* ofApp.mm */ = {isa = PBXFileReference; lastKnownFileType = sourcecode.cpp.objcpp; name = ofApp.mm; path = src/Apps/ofApp.mm; sourceTree = SOURCE_ROOT; };
		B00B77D31F326BE900E1F723 /* ofApp.h */ = {isa = PBXFileReference; lastKnownFileType = sourcecode.c.h; name = ofApp.h; path = src/Apps/ofApp.h; sourceTree = SOURCE_ROOT; };
		B00B77DE1F326C0B00E1F723 /* OFAppViewController.h */ = {isa = PBXFileReference; lastKnownFileType = sourcecode.c.h; path = OFAppViewController.h; sourceTree = "<group>"; };
		B00B77DF1F326C0B00E1F723 /* OFAppViewController.mm */ = {isa = PBXFileReference; lastKnownFileType = sourcecode.cpp.objcpp; path = OFAppViewController.mm; sourceTree = "<group>"; };
		B00B77E71F326C1F00E1F723 /* MyAppDelegate.h */ = {isa = PBXFileReference; lastKnownFileType = sourcecode.c.h; path = MyAppDelegate.h; sourceTree = "<group>"; };
		B00B77E81F326C1F00E1F723 /* MyAppDelegate.mm */ = {isa = PBXFileReference; lastKnownFileType = sourcecode.cpp.objcpp; path = MyAppDelegate.mm; sourceTree = "<group>"; };
		B00B77E91F326C1F00E1F723 /* MyAppViewController.h */ = {isa = PBXFileReference; lastKnownFileType = sourcecode.c.h; path = MyAppViewController.h; sourceTree = "<group>"; };
		B00B77EA1F326C1F00E1F723 /* MyAppViewController.mm */ = {isa = PBXFileReference; lastKnownFileType = sourcecode.cpp.objcpp; path = MyAppViewController.mm; sourceTree = "<group>"; };
		B09FCFF976DCEACB7C7C8D4E /* optical_flow.hpp */ = {isa = PBXFileReference; explicitFileType = sourcecode.c.h; fileEncoding = 30; name = optical_flow.hpp; path = ../../../addons/ofxOpenCv/libs/opencv/include/opencv2/superres/optical_flow.hpp; sourceTree = SOURCE_ROOT; };
		B0A8AC751F33E8E4007ED56D /* CoreImage.framework */ = {isa = PBXFileReference; lastKnownFileType = wrapper.framework; name = CoreImage.framework; path = System/Library/Frameworks/CoreImage.framework; sourceTree = SDKROOT; };
		B0A8AC9D1F352604007ED56D /* ARProcessor.mm */ = {isa = PBXFileReference; lastKnownFileType = sourcecode.cpp.objcpp; name = ARProcessor.mm; path = src/Apps/ARProcessor.mm; sourceTree = SOURCE_ROOT; };
		B0A8AC9E1F352604007ED56D /* ARProcessor.h */ = {isa = PBXFileReference; lastKnownFileType = sourcecode.c.h; name = ARProcessor.h; path = src/Apps/ARProcessor.h; sourceTree = SOURCE_ROOT; };
		B0B9CFA01F329B4000B07B89 /* camera.vert */ = {isa = PBXFileReference; lastKnownFileType = sourcecode.glsl; name = camera.vert; path = bin/data/shaders/camera.vert; sourceTree = SOURCE_ROOT; };
		B0B9CFA11F329B4000B07B89 /* camera.frag */ = {isa = PBXFileReference; lastKnownFileType = sourcecode.glsl; name = camera.frag; path = bin/data/shaders/camera.frag; sourceTree = SOURCE_ROOT; };
		B0C1B9751F324C96005BA387 /* ARKit.framework */ = {isa = PBXFileReference; lastKnownFileType = wrapper.framework; name = ARKit.framework; path = System/Library/Frameworks/ARKit.framework; sourceTree = SDKROOT; };
		B1579F602B98D48A6937B341 /* util.hpp */ = {isa = PBXFileReference; explicitFileType = sourcecode.c.h; fileEncoding = 30; name = util.hpp; path = ../../../addons/ofxOpenCv/libs/opencv/include/opencv2/stitching/detail/util.hpp; sourceTree = SOURCE_ROOT; };
		B1DCC53B17C50537AACC8DF0 /* reduce.hpp */ = {isa = PBXFileReference; explicitFileType = sourcecode.c.h; fileEncoding = 30; name = reduce.hpp; path = ../../../addons/ofxOpenCv/libs/opencv/include/opencv2/gpu/device/reduce.hpp; sourceTree = SOURCE_ROOT; };
		B353080168DCA97D7DF8732F /* ocl.hpp */ = {isa = PBXFileReference; explicitFileType = sourcecode.c.h; fileEncoding = 30; name = ocl.hpp; path = ../../../addons/ofxOpenCv/libs/opencv/include/opencv2/nonfree/ocl.hpp; sourceTree = SOURCE_ROOT; };
		B7BF51E8E757FF8A162D3662 /* lsh_index.h */ = {isa = PBXFileReference; explicitFileType = sourcecode.c.h; fileEncoding = 30; name = lsh_index.h; path = ../../../addons/ofxOpenCv/libs/opencv/include/opencv2/flann/lsh_index.h; sourceTree = SOURCE_ROOT; };
		B8427966039B53A0FE69C1F0 /* cxcore.h */ = {isa = PBXFileReference; explicitFileType = sourcecode.c.h; fileEncoding = 30; name = cxcore.h; path = ../../../addons/ofxOpenCv/libs/opencv/include/opencv/cxcore.h; sourceTree = SOURCE_ROOT; };
		BA2345C0AC2330B6CF370764 /* detection_based_tracker.hpp */ = {isa = PBXFileReference; explicitFileType = sourcecode.c.h; fileEncoding = 30; name = detection_based_tracker.hpp; path = ../../../addons/ofxOpenCv/libs/opencv/include/opencv2/contrib/detection_based_tracker.hpp; sourceTree = SOURCE_ROOT; };
		BB16EBD10F2B2A9500518274 /* OpenGLES.framework */ = {isa = PBXFileReference; lastKnownFileType = wrapper.framework; name = OpenGLES.framework; path = System/Library/Frameworks/OpenGLES.framework; sourceTree = SDKROOT; };
		BB16EBD80F2B2AB500518274 /* QuartzCore.framework */ = {isa = PBXFileReference; lastKnownFileType = wrapper.framework; name = QuartzCore.framework; path = System/Library/Frameworks/QuartzCore.framework; sourceTree = SDKROOT; };
		BB24DDC910DA781C00E9C588 /* ofxiOS-Info.plist */ = {isa = PBXFileReference; fileEncoding = 4; lastKnownFileType = text.plist.xml; path = "ofxiOS-Info.plist"; sourceTree = "<group>"; };
		BBAF9D981351C596CA67CAF9 /* hybridtracker.hpp */ = {isa = PBXFileReference; explicitFileType = sourcecode.c.h; fileEncoding = 30; name = hybridtracker.hpp; path = ../../../addons/ofxOpenCv/libs/opencv/include/opencv2/contrib/hybridtracker.hpp; sourceTree = SOURCE_ROOT; };
		BBE5EAB70F49AD8400F28951 /* AudioToolbox.framework */ = {isa = PBXFileReference; lastKnownFileType = wrapper.framework; name = AudioToolbox.framework; path = System/Library/Frameworks/AudioToolbox.framework; sourceTree = SDKROOT; };
		C1A2E81B4FD0713346D7E806 /* affine.hpp */ = {isa = PBXFileReference; explicitFileType = sourcecode.c.h; fileEncoding = 30; name = affine.hpp; path = ../../../addons/ofxOpenCv/libs/opencv/include/opencv2/core/affine.hpp; sourceTree = SOURCE_ROOT; };
		C1C56D20A1A57DC44096BFE7 /* ofxCvContourFinder.h */ = {isa = PBXFileReference; explicitFileType = sourcecode.c.h; fileEncoding = 30; name = ofxCvContourFinder.h; path = ../../../addons/ofxOpenCv/src/ofxCvContourFinder.h; sourceTree = SOURCE_ROOT; };
		C362FD421E9C5E4962E410EB /* dynamic_smem.hpp */ = {isa = PBXFileReference; explicitFileType = sourcecode.c.h; fileEncoding = 30; name = dynamic_smem.hpp; path = ../../../addons/ofxOpenCv/libs/opencv/include/opencv2/gpu/device/dynamic_smem.hpp; sourceTree = SOURCE_ROOT; };
		C4BA8097B54C90163F99F5C1 /* transform_detail.hpp */ = {isa = PBXFileReference; explicitFileType = sourcecode.c.h; fileEncoding = 30; name = transform_detail.hpp; path = ../../../addons/ofxOpenCv/libs/opencv/include/opencv2/gpu/device/detail/transform_detail.hpp; sourceTree = SOURCE_ROOT; };
		C4FB85020773DA0F09B8B6CE /* ts_gtest.h */ = {isa = PBXFileReference; explicitFileType = sourcecode.c.h; fileEncoding = 30; name = ts_gtest.h; path = ../../../addons/ofxOpenCv/libs/opencv/include/opencv2/ts/ts_gtest.h; sourceTree = SOURCE_ROOT; };
		C6151136D101F857DAE12722 /* ofxCvImage.cpp */ = {isa = PBXFileReference; explicitFileType = sourcecode.cpp.cpp; fileEncoding = 30; name = ofxCvImage.cpp; path = ../../../addons/ofxOpenCv/src/ofxCvImage.cpp; sourceTree = SOURCE_ROOT; };
		C61D3DACE506E4A1C3A6D782 /* highgui.hpp */ = {isa = PBXFileReference; explicitFileType = sourcecode.c.h; fileEncoding = 30; name = highgui.hpp; path = ../../../addons/ofxOpenCv/libs/opencv/include/opencv2/highgui/highgui.hpp; sourceTree = SOURCE_ROOT; };
		C65A89034372885C3F7259F5 /* superres.hpp */ = {isa = PBXFileReference; explicitFileType = sourcecode.c.h; fileEncoding = 30; name = superres.hpp; path = ../../../addons/ofxOpenCv/libs/opencv/include/opencv2/superres/superres.hpp; sourceTree = SOURCE_ROOT; };
		C66C6414C8B86FDB99ED3B70 /* core.hpp */ = {isa = PBXFileReference; explicitFileType = sourcecode.c.h; fileEncoding = 30; name = core.hpp; path = ../../../addons/ofxOpenCv/libs/opencv/include/opencv2/core/core.hpp; sourceTree = SOURCE_ROOT; };
		C7178EBE5A9A3912E58D1F0F /* features2d.hpp */ = {isa = PBXFileReference; explicitFileType = sourcecode.c.h; fileEncoding = 30; name = features2d.hpp; path = ../../../addons/ofxOpenCv/libs/opencv/include/opencv2/nonfree/features2d.hpp; sourceTree = SOURCE_ROOT; };
		C76DE5C29BDBD2CAA1DD0021 /* ofxCvContourFinder.cpp */ = {isa = PBXFileReference; explicitFileType = sourcecode.cpp.cpp; fileEncoding = 30; name = ofxCvContourFinder.cpp; path = ../../../addons/ofxOpenCv/src/ofxCvContourFinder.cpp; sourceTree = SOURCE_ROOT; };
		CBDE84185E2969BA4AB209FC /* general.h */ = {isa = PBXFileReference; explicitFileType = sourcecode.c.h; fileEncoding = 30; name = general.h; path = ../../../addons/ofxOpenCv/libs/opencv/include/opencv2/flann/general.h; sourceTree = SOURCE_ROOT; };
		CCFB64CDA537F2B5A54CDC13 /* photo.hpp */ = {isa = PBXFileReference; explicitFileType = sourcecode.c.h; fileEncoding = 30; name = photo.hpp; path = ../../../addons/ofxOpenCv/libs/opencv/include/opencv2/photo/photo.hpp; sourceTree = SOURCE_ROOT; };
		CD8565F2F122EECA0C095526 /* types_c.h */ = {isa = PBXFileReference; explicitFileType = sourcecode.c.h; fileEncoding = 30; name = types_c.h; path = ../../../addons/ofxOpenCv/libs/opencv/include/opencv2/core/types_c.h; sourceTree = SOURCE_ROOT; };
		CE5203B78839A661DA972B33 /* warpers_inl.hpp */ = {isa = PBXFileReference; explicitFileType = sourcecode.c.h; fileEncoding = 30; name = warpers_inl.hpp; path = ../../../addons/ofxOpenCv/libs/opencv/include/opencv2/stitching/detail/warpers_inl.hpp; sourceTree = SOURCE_ROOT; };
		CE81A5E39EB3C871FDF3D4D5 /* ofxOpenCv.h */ = {isa = PBXFileReference; explicitFileType = sourcecode.c.h; fileEncoding = 30; name = ofxOpenCv.h; path = ../../../addons/ofxOpenCv/src/ofxOpenCv.h; sourceTree = SOURCE_ROOT; };
		CE9C7160245B19131DAE6128 /* ofxCvColorImage.cpp */ = {isa = PBXFileReference; explicitFileType = sourcecode.cpp.cpp; fileEncoding = 30; name = ofxCvColorImage.cpp; path = ../../../addons/ofxOpenCv/src/ofxCvColorImage.cpp; sourceTree = SOURCE_ROOT; };
		CF29BFB3FD3CAA54F336E6FD /* cvaux.hpp */ = {isa = PBXFileReference; explicitFileType = sourcecode.c.h; fileEncoding = 30; name = cvaux.hpp; path = ../../../addons/ofxOpenCv/libs/opencv/include/opencv/cvaux.hpp; sourceTree = SOURCE_ROOT; };
		CF6F9415A1CDA4F93172643E /* AssetsLibrary.framework */ = {isa = PBXFileReference; lastKnownFileType = wrapper.framework; name = AssetsLibrary.framework; path = /Applications/Xcode.app/Contents/Developer/Platforms/iPhoneOS.platform/Developer/SDKs/iPhoneOS.sdk/System/Library/Frameworks/AssetsLibrary.framework; sourceTree = "<group>"; };
		D078C50BFCDE342496B5D1F3 /* nonfree.hpp */ = {isa = PBXFileReference; explicitFileType = sourcecode.c.h; fileEncoding = 30; name = nonfree.hpp; path = ../../../addons/ofxOpenCv/libs/opencv/include/opencv2/nonfree/nonfree.hpp; sourceTree = SOURCE_ROOT; };
		D2991184C57509808BF041C8 /* inpainting.hpp */ = {isa = PBXFileReference; explicitFileType = sourcecode.c.h; fileEncoding = 30; name = inpainting.hpp; path = ../../../addons/ofxOpenCv/libs/opencv/include/opencv2/videostab/inpainting.hpp; sourceTree = SOURCE_ROOT; };
		D2E468A43F6E981DD9B460B5 /* stitcher.hpp */ = {isa = PBXFileReference; explicitFileType = sourcecode.c.h; fileEncoding = 30; name = stitcher.hpp; path = ../../../addons/ofxOpenCv/libs/opencv/include/opencv2/stitching/stitcher.hpp; sourceTree = SOURCE_ROOT; };
		D5A3AFF36064B2CACAD31716 /* composite_index.h */ = {isa = PBXFileReference; explicitFileType = sourcecode.c.h; fileEncoding = 30; name = composite_index.h; path = ../../../addons/ofxOpenCv/libs/opencv/include/opencv2/flann/composite_index.h; sourceTree = SOURCE_ROOT; };
		D5BB6F0357B6422E1B1656B4 /* ofxCvColorImage.h */ = {isa = PBXFileReference; explicitFileType = sourcecode.c.h; fileEncoding = 30; name = ofxCvColorImage.h; path = ../../../addons/ofxOpenCv/src/ofxCvColorImage.h; sourceTree = SOURCE_ROOT; };
		D6426FE9886FD3B4A831A446 /* exposure_compensate.hpp */ = {isa = PBXFileReference; explicitFileType = sourcecode.c.h; fileEncoding = 30; name = exposure_compensate.hpp; path = ../../../addons/ofxOpenCv/libs/opencv/include/opencv2/stitching/detail/exposure_compensate.hpp; sourceTree = SOURCE_ROOT; };
		D76A59E7B3601E76351C9BDB /* cvaux.h */ = {isa = PBXFileReference; explicitFileType = sourcecode.c.h; fileEncoding = 30; name = cvaux.h; path = ../../../addons/ofxOpenCv/libs/opencv/include/opencv/cvaux.h; sourceTree = SOURCE_ROOT; };
		D847EBE484F4F500F9CF2549 /* ofxCvImage.h */ = {isa = PBXFileReference; explicitFileType = sourcecode.c.h; fileEncoding = 30; name = ofxCvImage.h; path = ../../../addons/ofxOpenCv/src/ofxCvImage.h; sourceTree = SOURCE_ROOT; };
		D902EB2409214285BCF5F191 /* stream_accessor.hpp */ = {isa = PBXFileReference; explicitFileType = sourcecode.c.h; fileEncoding = 30; name = stream_accessor.hpp; path = ../../../addons/ofxOpenCv/libs/opencv/include/opencv2/gpu/stream_accessor.hpp; sourceTree = SOURCE_ROOT; };
		D9613459E2788BF99E572ED1 /* deblurring.hpp */ = {isa = PBXFileReference; explicitFileType = sourcecode.c.h; fileEncoding = 30; name = deblurring.hpp; path = ../../../addons/ofxOpenCv/libs/opencv/include/opencv2/videostab/deblurring.hpp; sourceTree = SOURCE_ROOT; };
		DA71BD3D5EB1A1F5E64B6751 /* gpu.hpp */ = {isa = PBXFileReference; explicitFileType = sourcecode.c.h; fileEncoding = 30; name = gpu.hpp; path = ../../../addons/ofxOpenCv/libs/opencv/include/opencv2/nonfree/gpu.hpp; sourceTree = SOURCE_ROOT; };
		DB8653D6433E14BF06F3EFAF /* cvwimage.h */ = {isa = PBXFileReference; explicitFileType = sourcecode.c.h; fileEncoding = 30; name = cvwimage.h; path = ../../../addons/ofxOpenCv/libs/opencv/include/opencv/cvwimage.h; sourceTree = SOURCE_ROOT; };
		DCB56F4E9F44E31D571BC9C4 /* index_testing.h */ = {isa = PBXFileReference; explicitFileType = sourcecode.c.h; fileEncoding = 30; name = index_testing.h; path = ../../../addons/ofxOpenCv/libs/opencv/include/opencv2/flann/index_testing.h; sourceTree = SOURCE_ROOT; };
		DEA2EDC0AFD59176FDEDC222 /* ofxCvShortImage.h */ = {isa = PBXFileReference; explicitFileType = sourcecode.c.h; fileEncoding = 30; name = ofxCvShortImage.h; path = ../../../addons/ofxOpenCv/src/ofxCvShortImage.h; sourceTree = SOURCE_ROOT; };
		E14D3EF03E140F5604900412 /* tracking.hpp */ = {isa = PBXFileReference; explicitFileType = sourcecode.c.h; fileEncoding = 30; name = tracking.hpp; path = ../../../addons/ofxOpenCv/libs/opencv/include/opencv2/video/tracking.hpp; sourceTree = SOURCE_ROOT; };
		E21FF871B93E31DA43FE7E42 /* vec_distance_detail.hpp */ = {isa = PBXFileReference; explicitFileType = sourcecode.c.h; fileEncoding = 30; name = vec_distance_detail.hpp; path = ../../../addons/ofxOpenCv/libs/opencv/include/opencv2/gpu/device/detail/vec_distance_detail.hpp; sourceTree = SOURCE_ROOT; };
		E354468911BA093791076DD7 /* gpumat.hpp */ = {isa = PBXFileReference; explicitFileType = sourcecode.c.h; fileEncoding = 30; name = gpumat.hpp; path = ../../../addons/ofxOpenCv/libs/opencv/include/opencv2/gpu/gpumat.hpp; sourceTree = SOURCE_ROOT; };
		E41D3ED613B38FB500A75A5D /* Project.xcconfig */ = {isa = PBXFileReference; fileEncoding = 4; lastKnownFileType = text.xcconfig; path = Project.xcconfig; sourceTree = "<group>"; };
		E41D3EE513B3906D00A75A5D /* CoreOF.xcconfig */ = {isa = PBXFileReference; fileEncoding = 4; lastKnownFileType = text.xcconfig; name = CoreOF.xcconfig; path = ../../../libs/openFrameworksCompiled/project/ios/CoreOF.xcconfig; sourceTree = SOURCE_ROOT; };
		E41D400613B39D2100A75A5D /* AVFoundation.framework */ = {isa = PBXFileReference; lastKnownFileType = wrapper.framework; name = AVFoundation.framework; path = System/Library/Frameworks/AVFoundation.framework; sourceTree = SDKROOT; };
		E41D400713B39D2100A75A5D /* CoreMedia.framework */ = {isa = PBXFileReference; lastKnownFileType = wrapper.framework; name = CoreMedia.framework; path = System/Library/Frameworks/CoreMedia.framework; sourceTree = SDKROOT; };
		E41D400813B39D2100A75A5D /* CoreVideo.framework */ = {isa = PBXFileReference; lastKnownFileType = wrapper.framework; name = CoreVideo.framework; path = System/Library/Frameworks/CoreVideo.framework; sourceTree = SDKROOT; };
		E41D400913B39D2100A75A5D /* MapKit.framework */ = {isa = PBXFileReference; lastKnownFileType = wrapper.framework; name = MapKit.framework; path = System/Library/Frameworks/MapKit.framework; sourceTree = SDKROOT; };
		E41D40FD13B3A0D800A75A5D /* iOS+OFLib.xcodeproj */ = {isa = PBXFileReference; lastKnownFileType = "wrapper.pb-project"; name = "iOS+OFLib.xcodeproj"; path = "../../../libs/openFrameworksCompiled/project/ios/iOS+OFLib.xcodeproj"; sourceTree = SOURCE_ROOT; };
		E4385429A1E63ACEDC39A612 /* operations.hpp */ = {isa = PBXFileReference; explicitFileType = sourcecode.c.h; fileEncoding = 30; name = operations.hpp; path = ../../../addons/ofxOpenCv/libs/opencv/include/opencv2/core/operations.hpp; sourceTree = SOURCE_ROOT; };
		E4A823A312561BE3002F86A2 /* CoreGraphics.framework */ = {isa = PBXFileReference; lastKnownFileType = wrapper.framework; name = CoreGraphics.framework; path = System/Library/Frameworks/CoreGraphics.framework; sourceTree = SDKROOT; };
		E5F6E381641665852B997FC4 /* allocator.h */ = {isa = PBXFileReference; explicitFileType = sourcecode.c.h; fileEncoding = 30; name = allocator.h; path = ../../../addons/ofxOpenCv/libs/opencv/include/opencv2/flann/allocator.h; sourceTree = SOURCE_ROOT; };
		E798C88F1A0E2511E1756CE0 /* cuda_devptrs.hpp */ = {isa = PBXFileReference; explicitFileType = sourcecode.c.h; fileEncoding = 30; name = cuda_devptrs.hpp; path = ../../../addons/ofxOpenCv/libs/opencv/include/opencv2/core/cuda_devptrs.hpp; sourceTree = SOURCE_ROOT; };
		E7DDB716B5AE0DEA82DFFEDA /* autotuned_index.h */ = {isa = PBXFileReference; explicitFileType = sourcecode.c.h; fileEncoding = 30; name = autotuned_index.h; path = ../../../addons/ofxOpenCv/libs/opencv/include/opencv2/flann/autotuned_index.h; sourceTree = SOURCE_ROOT; };
		E8AF1E9150AD818FA9D9195D /* version.hpp */ = {isa = PBXFileReference; explicitFileType = sourcecode.c.h; fileEncoding = 30; name = version.hpp; path = ../../../addons/ofxOpenCv/libs/opencv/include/opencv2/core/version.hpp; sourceTree = SOURCE_ROOT; };
		E90542C149C83316678AB011 /* cxmisc.h */ = {isa = PBXFileReference; explicitFileType = sourcecode.c.h; fileEncoding = 30; name = cxmisc.h; path = ../../../addons/ofxOpenCv/libs/opencv/include/opencv/cxmisc.h; sourceTree = SOURCE_ROOT; };
		EBBA82550412B77EFA70AE87 /* funcattrib.hpp */ = {isa = PBXFileReference; explicitFileType = sourcecode.c.h; fileEncoding = 30; name = funcattrib.hpp; path = ../../../addons/ofxOpenCv/libs/opencv/include/opencv2/gpu/device/funcattrib.hpp; sourceTree = SOURCE_ROOT; };
		ECC34C470C60F0A2AE2761B1 /* random.h */ = {isa = PBXFileReference; explicitFileType = sourcecode.c.h; fileEncoding = 30; name = random.h; path = ../../../addons/ofxOpenCv/libs/opencv/include/opencv2/flann/random.h; sourceTree = SOURCE_ROOT; };
		EEEA907F4732A9D8875ABB9C /* motion_stabilizing.hpp */ = {isa = PBXFileReference; explicitFileType = sourcecode.c.h; fileEncoding = 30; name = motion_stabilizing.hpp; path = ../../../addons/ofxOpenCv/libs/opencv/include/opencv2/videostab/motion_stabilizing.hpp; sourceTree = SOURCE_ROOT; };
		F070AF5E3926EB2CB7A15D1B /* params.h */ = {isa = PBXFileReference; explicitFileType = sourcecode.c.h; fileEncoding = 30; name = params.h; path = ../../../addons/ofxOpenCv/libs/opencv/include/opencv2/flann/params.h; sourceTree = SOURCE_ROOT; };
		F0FCA82EC2A69AEB3BA6AF38 /* filters.hpp */ = {isa = PBXFileReference; explicitFileType = sourcecode.c.h; fileEncoding = 30; name = filters.hpp; path = ../../../addons/ofxOpenCv/libs/opencv/include/opencv2/gpu/device/filters.hpp; sourceTree = SOURCE_ROOT; };
		F2F75C2513DDF24A79A894DF /* warpers.hpp */ = {isa = PBXFileReference; explicitFileType = sourcecode.c.h; fileEncoding = 30; name = warpers.hpp; path = ../../../addons/ofxOpenCv/libs/opencv/include/opencv2/stitching/warpers.hpp; sourceTree = SOURCE_ROOT; };
		F38AB91361456BF84AB04DD1 /* border_interpolate.hpp */ = {isa = PBXFileReference; explicitFileType = sourcecode.c.h; fileEncoding = 30; name = border_interpolate.hpp; path = ../../../addons/ofxOpenCv/libs/opencv/include/opencv2/gpu/device/border_interpolate.hpp; sourceTree = SOURCE_ROOT; };
		F7269F96AC34A2B44A680D03 /* ofxCvFloatImage.h */ = {isa = PBXFileReference; explicitFileType = sourcecode.c.h; fileEncoding = 30; name = ofxCvFloatImage.h; path = ../../../addons/ofxOpenCv/src/ofxCvFloatImage.h; sourceTree = SOURCE_ROOT; };
		F886EBA3F8F05C7F74633933 /* devmem2d.hpp */ = {isa = PBXFileReference; explicitFileType = sourcecode.c.h; fileEncoding = 30; name = devmem2d.hpp; path = ../../../addons/ofxOpenCv/libs/opencv/include/opencv2/gpu/devmem2d.hpp; sourceTree = SOURCE_ROOT; };
		F9EC3DDC0E9F85C34B21C760 /* object_factory.h */ = {isa = PBXFileReference; explicitFileType = sourcecode.c.h; fileEncoding = 30; name = object_factory.h; path = ../../../addons/ofxOpenCv/libs/opencv/include/opencv2/flann/object_factory.h; sourceTree = SOURCE_ROOT; };
		FB213FF0567D1B312DDBD05D /* linear_index.h */ = {isa = PBXFileReference; explicitFileType = sourcecode.c.h; fileEncoding = 30; name = linear_index.h; path = ../../../addons/ofxOpenCv/libs/opencv/include/opencv2/flann/linear_index.h; sourceTree = SOURCE_ROOT; };
		FB2852BC651C91987A1C26FB /* scan.hpp */ = {isa = PBXFileReference; explicitFileType = sourcecode.c.h; fileEncoding = 30; name = scan.hpp; path = ../../../addons/ofxOpenCv/libs/opencv/include/opencv2/gpu/device/scan.hpp; sourceTree = SOURCE_ROOT; };
		FD2373742F56BFA0EF7FBF09 /* color.hpp */ = {isa = PBXFileReference; explicitFileType = sourcecode.c.h; fileEncoding = 30; name = color.hpp; path = ../../../addons/ofxOpenCv/libs/opencv/include/opencv2/gpu/device/color.hpp; sourceTree = SOURCE_ROOT; };
		FD609E2EC17FCE181DFE635F /* dist.h */ = {isa = PBXFileReference; explicitFileType = sourcecode.c.h; fileEncoding = 30; name = dist.h; path = ../../../addons/ofxOpenCv/libs/opencv/include/opencv2/flann/dist.h; sourceTree = SOURCE_ROOT; };
		FEDA0B6056089762F5FA11CA /* lsh_table.h */ = {isa = PBXFileReference; explicitFileType = sourcecode.c.h; fileEncoding = 30; name = lsh_table.h; path = ../../../addons/ofxOpenCv/libs/opencv/include/opencv2/flann/lsh_table.h; sourceTree = SOURCE_ROOT; };
		FF58A50E588D6A64EE206840 /* hdf5.h */ = {isa = PBXFileReference; explicitFileType = sourcecode.c.h; fileEncoding = 30; name = hdf5.h; path = ../../../addons/ofxOpenCv/libs/opencv/include/opencv2/flann/hdf5.h; sourceTree = SOURCE_ROOT; };
/* End PBXFileReference section */

/* Begin PBXFrameworksBuildPhase section */
		1D60588F0D05DD3D006BFB54 /* Frameworks */ = {
			isa = PBXFrameworksBuildPhase;
			buildActionMask = 2147483647;
			files = (
				B0A8AC761F33E8E5007ED56D /* CoreImage.framework in Frameworks */,
				B0B9CF8F1F327EA400B07B89 /* ARKit.framework in Frameworks */,
				E41D421413B3A95300A75A5D /* libofxiOS_iphoneos_Debug.a in Frameworks */,
				1D60589F0D05DD5A006BFB54 /* Foundation.framework in Frameworks */,
				1DF5F4E00D08C38300B7A737 /* UIKit.framework in Frameworks */,
				288765FD0DF74451002DB57D /* CoreGraphics.framework in Frameworks */,
				BB16EBD20F2B2A9500518274 /* OpenGLES.framework in Frameworks */,
				BB16EBD90F2B2AB500518274 /* QuartzCore.framework in Frameworks */,
				BBE5EAB80F49AD8400F28951 /* AudioToolbox.framework in Frameworks */,
				53F323EB10A20EDB00E0DAE4 /* OpenAL.framework in Frameworks */,
				5326AEA810A23A0500278DE6 /* CoreLocation.framework in Frameworks */,
				E41D400B13B39D2100A75A5D /* AVFoundation.framework in Frameworks */,
				E41D400C13B39D2100A75A5D /* CoreMedia.framework in Frameworks */,
				E41D400D13B39D2100A75A5D /* CoreVideo.framework in Frameworks */,
				E41D400E13B39D2100A75A5D /* MapKit.framework in Frameworks */,
				67DFA53619F92A69003B3434 /* Accelerate.framework in Frameworks */,
				BD2DC8B4CC2C2BC0DD128073 /* AssetsLibrary.framework in Frameworks */,
			);
			runOnlyForDeploymentPostprocessing = 0;
		};
/* End PBXFrameworksBuildPhase section */

/* Begin PBXGroup section */
		0478E60892BF4C0731AE0763 /* ts */ = {
			isa = PBXGroup;
			children = (
				A770C8D74DA82B9944013381 /* gpu_perf.hpp */,
				8FB4573CDB2FB9658ACF87AA /* gpu_test.hpp */,
				7673F0AA19794A4C9517CF14 /* ts.hpp */,
				C4FB85020773DA0F09B8B6CE /* ts_gtest.h */,
				45E004D1064EC5B8C5C40A83 /* ts_perf.hpp */,
			);
			name = ts;
			sourceTree = "<group>";
		};
		0F07FE174552DEF007BF5AD5 /* opencv2 */ = {
			isa = PBXGroup;
			children = (
				428EB732FD42504F37BCA78A /* calib3d */,
				170C3384C93B182490DDC9CC /* contrib */,
				A5A3A2F98919E2243C73199C /* core */,
				86FEC009E2721D0FB23338D7 /* features2d */,
				1E45F8C3CCFF6847BFF957AA /* flann */,
				5236346776DB8ECC4B121CA3 /* gpu */,
				9C99831C330874C2B245AB48 /* highgui */,
				3E44059DCBC2444D65660B9C /* imgproc */,
				961A625BD21068033782887C /* legacy */,
				0F288FD421D474F4AE2684D3 /* ml */,
				7BC63C2C5B49F4CFBC87C288 /* nonfree */,
				D0CAFE48EE488EEED9149670 /* objdetect */,
				9B7D592E7AB311451A27C46E /* opencv.hpp */,
				9ABD8CF34D37FADFEB352B88 /* opencv_modules.hpp */,
				3B8F70BFDA30BBA2A5A060FC /* photo */,
				AF43D9569510BEB0E2DFB944 /* stitching */,
				ED977EFE7B82B0D53CB5C778 /* superres */,
				0478E60892BF4C0731AE0763 /* ts */,
				C58CC92A5283B95AA31D50FB /* video */,
				38D119387412EF71F9FAA033 /* videostab */,
			);
			name = opencv2;
			sourceTree = "<group>";
		};
		0F288FD421D474F4AE2684D3 /* ml */ = {
			isa = PBXGroup;
			children = (
				59626D03C690200AD4E8B3A6 /* ml.hpp */,
			);
			name = ml;
			sourceTree = "<group>";
		};
		170C3384C93B182490DDC9CC /* contrib */ = {
			isa = PBXGroup;
			children = (
				5A59183C98FC5E69FC90F138 /* contrib.hpp */,
				BA2345C0AC2330B6CF370764 /* detection_based_tracker.hpp */,
				BBAF9D981351C596CA67CAF9 /* hybridtracker.hpp */,
				87DBF560FF25F1CD2E737825 /* openfabmap.hpp */,
				A0399084868E7CAFB7E3D8E9 /* retina.hpp */,
			);
			name = contrib;
			sourceTree = "<group>";
		};
		19C28FACFE9D520D11CA2CBB /* Products */ = {
			isa = PBXGroup;
			children = (
				1D6058910D05DD3D006BFB54 /* ARToolkit.app */,
			);
			name = Products;
			sourceTree = "<group>";
		};
		1E45F8C3CCFF6847BFF957AA /* flann */ = {
			isa = PBXGroup;
			children = (
				011E372AEA4DFBC1A32C2851 /* all_indices.h */,
				E5F6E381641665852B997FC4 /* allocator.h */,
				45410DD818BB205166E67E89 /* any.h */,
				E7DDB716B5AE0DEA82DFFEDA /* autotuned_index.h */,
				D5A3AFF36064B2CACAD31716 /* composite_index.h */,
				586A8EC141BDFA82B3B0518C /* config.h */,
				722542BCDC94162B6A8B9B72 /* defines.h */,
				FD609E2EC17FCE181DFE635F /* dist.h */,
				36F0FF7F8D7342D220CC6319 /* dummy.h */,
				096CB33CAD6C5A446E7026E9 /* dynamic_bitset.h */,
				6DD5A3CBB6D5BBA1C1354F1B /* flann.hpp */,
				9B076DCB5B800BE9AF1B71A6 /* flann_base.hpp */,
				CBDE84185E2969BA4AB209FC /* general.h */,
				0CF0AA3895D28E97D8A1E4A9 /* ground_truth.h */,
				FF58A50E588D6A64EE206840 /* hdf5.h */,
				6B907CFBB1B0FEDE76C41AA0 /* heap.h */,
				946187321200AC04E570E6EC /* hierarchical_clustering_index.h */,
				DCB56F4E9F44E31D571BC9C4 /* index_testing.h */,
				49EFFCF36CF194CCE0E1FAAB /* kdtree_index.h */,
				758F19335D4E46A5E0DE449F /* kdtree_single_index.h */,
				2E411F99E3AB7154484B4F96 /* kmeans_index.h */,
				FB213FF0567D1B312DDBD05D /* linear_index.h */,
				0173A3F435DECD5A4DDE0B8E /* logger.h */,
				B7BF51E8E757FF8A162D3662 /* lsh_index.h */,
				FEDA0B6056089762F5FA11CA /* lsh_table.h */,
				A15E0125B8C9B7F01DED5695 /* matrix.h */,
				9DA0CBD43DA38386EB04C9AE /* miniflann.hpp */,
				8DB45DE3BD6BB97E34BDB411 /* nn_index.h */,
				F9EC3DDC0E9F85C34B21C760 /* object_factory.h */,
				F070AF5E3926EB2CB7A15D1B /* params.h */,
				ECC34C470C60F0A2AE2761B1 /* random.h */,
				974AACF856A0A1B7D8F259E0 /* result_set.h */,
				7E57AAE3FAB29F87D19451BC /* sampling.h */,
				01DAE5C2E3E0A74207B2BE49 /* saving.h */,
				45F38573A0B0DEEC8BBC7A2C /* simplex_downhill.h */,
				1E95EFD35ED9C5D97F2F015E /* timer.h */,
			);
			name = flann;
			sourceTree = "<group>";
		};
		29B97314FDCFA39411CA2CEA /* CustomTemplate */ = {
			isa = PBXGroup;
			children = (
				678E130917951536005B6D19 /* Icon.png */,
				678E130717951530005B6D19 /* Icon@2x.png */,
				678E130B1795153C005B6D19 /* Default.png */,
				678E130D17951540005B6D19 /* Default@2x.png */,
				678E130F17951549005B6D19 /* Default-568h@2x~iphone.png */,
				B00B77C01F326B9900E1F723 /* src */,
				BB24E1F710DAA51900E9C588 /* openFrameworks */,
				BB16F26B0F2B646B00518274 /* addons */,
				BB16E9930F2B1E5900518274 /* libs */,
				19C28FACFE9D520D11CA2CBB /* Products */,
				B0C1B9741F324C96005BA387 /* Frameworks */,
			);
			name = CustomTemplate;
			sourceTree = "<group>";
		};
		29B97323FDCFA39411CA2CEA /* core frameworks */ = {
			isa = PBXGroup;
			children = (
				E41D400613B39D2100A75A5D /* AVFoundation.framework */,
				E41D400713B39D2100A75A5D /* CoreMedia.framework */,
				E41D400813B39D2100A75A5D /* CoreVideo.framework */,
				E41D400913B39D2100A75A5D /* MapKit.framework */,
				53F323EA10A20EDB00E0DAE4 /* OpenAL.framework */,
				E4A823A312561BE3002F86A2 /* CoreGraphics.framework */,
				BBE5EAB70F49AD8400F28951 /* AudioToolbox.framework */,
				BB16EBD80F2B2AB500518274 /* QuartzCore.framework */,
				BB16EBD10F2B2A9500518274 /* OpenGLES.framework */,
				1DF5F4DF0D08C38300B7A737 /* UIKit.framework */,
				1D30AB110D05D00D00671497 /* Foundation.framework */,
				288765FC0DF74451002DB57D /* CoreGraphics.framework */,
				5326AEA710A23A0500278DE6 /* CoreLocation.framework */,
				67DFA53419F92A5E003B3434 /* Accelerate.framework */,
			);
			name = "core frameworks";
			sourceTree = "<group>";
		};
		303E2D4AF80E80BD1FD5E5F6 /* detail */ = {
			isa = PBXGroup;
			children = (
				44A8175B7C8A100B5BEF5DE4 /* autocalib.hpp */,
				79E285EDBBEA89226444A4D0 /* blenders.hpp */,
				057D8E7580EA21E2254ADDDA /* camera.hpp */,
				D6426FE9886FD3B4A831A446 /* exposure_compensate.hpp */,
				31BE73BA37686CA4E4904323 /* matchers.hpp */,
				2411F6B35DAAAE5083D51167 /* motion_estimators.hpp */,
				1F9D46D19614774956DFE362 /* seam_finders.hpp */,
				B1579F602B98D48A6937B341 /* util.hpp */,
				1335F3F49E8A72CB04FA873D /* util_inl.hpp */,
				26E4EEE253C8A6EFC3B3A639 /* warpers.hpp */,
				CE5203B78839A661DA972B33 /* warpers_inl.hpp */,
			);
			name = detail;
			sourceTree = "<group>";
		};
		38D119387412EF71F9FAA033 /* videostab */ = {
			isa = PBXGroup;
			children = (
				D9613459E2788BF99E572ED1 /* deblurring.hpp */,
				A3411731962D0402217F182B /* fast_marching.hpp */,
				075597E52E99BDE94F8036B2 /* fast_marching_inl.hpp */,
				59570D160E1EDD6EB832826A /* frame_source.hpp */,
				0CEC1FE946DBDBAB82AF6FE3 /* global_motion.hpp */,
				D2991184C57509808BF041C8 /* inpainting.hpp */,
				7279658ADA9582251CB1D783 /* log.hpp */,
				EEEA907F4732A9D8875ABB9C /* motion_stabilizing.hpp */,
				1054B4574F75C1F693C147C6 /* optical_flow.hpp */,
				17CE5A4068930946980DE788 /* stabilizer.hpp */,
				9A807ED85FFB53D3638FCBE0 /* videostab.hpp */,
			);
			name = videostab;
			sourceTree = "<group>";
		};
		3B8F70BFDA30BBA2A5A060FC /* photo */ = {
			isa = PBXGroup;
			children = (
				CCFB64CDA537F2B5A54CDC13 /* photo.hpp */,
				56ED74AD5FC73867F5E046F0 /* photo_c.h */,
			);
			name = photo;
			sourceTree = "<group>";
		};
		3E44059DCBC2444D65660B9C /* imgproc */ = {
			isa = PBXGroup;
			children = (
				114B872696817CC33990FC83 /* imgproc.hpp */,
				9B55998E41388AD8704E4F9A /* imgproc_c.h */,
				9B90B3EE60497170AA00BFE8 /* types_c.h */,
			);
			name = imgproc;
			sourceTree = "<group>";
		};
		428EB732FD42504F37BCA78A /* calib3d */ = {
			isa = PBXGroup;
			children = (
				67AF0E794FA186DD25454CC9 /* calib3d.hpp */,
			);
			name = calib3d;
			sourceTree = "<group>";
		};
		5236346776DB8ECC4B121CA3 /* gpu */ = {
			isa = PBXGroup;
			children = (
				C830064088936DB0F1158554 /* device */,
				F886EBA3F8F05C7F74633933 /* devmem2d.hpp */,
				AF9A155219FEDFA6E95454EA /* gpu.hpp */,
				E354468911BA093791076DD7 /* gpumat.hpp */,
				D902EB2409214285BCF5F191 /* stream_accessor.hpp */,
			);
			name = gpu;
			sourceTree = "<group>";
		};
		6948EE371B920CB800B5AC1A /* local_addons */ = {
			isa = PBXGroup;
			children = (
			);
			name = local_addons;
			sourceTree = "<group>";
		};
		737B033AA777B67BA4F8F4D2 /* opencv */ = {
			isa = PBXGroup;
			children = (
				33FF03222909C1A0ECE43753 /* cv.h */,
				30884ECD9C171AB1B1BDFC3F /* cv.hpp */,
				D76A59E7B3601E76351C9BDB /* cvaux.h */,
				CF29BFB3FD3CAA54F336E6FD /* cvaux.hpp */,
				DB8653D6433E14BF06F3EFAF /* cvwimage.h */,
				B8427966039B53A0FE69C1F0 /* cxcore.h */,
				7101CF2125B8B2BF46AA2662 /* cxcore.hpp */,
				319268D200F1BA567E4CCFF9 /* cxeigen.hpp */,
				E90542C149C83316678AB011 /* cxmisc.h */,
				9FF9126184DFBDE8A912373E /* highgui.h */,
				7C3D9C0EAC738ED2624D264B /* ml.h */,
			);
			name = opencv;
			sourceTree = "<group>";
		};
		7BC63C2C5B49F4CFBC87C288 /* nonfree */ = {
			isa = PBXGroup;
			children = (
				C7178EBE5A9A3912E58D1F0F /* features2d.hpp */,
				DA71BD3D5EB1A1F5E64B6751 /* gpu.hpp */,
				D078C50BFCDE342496B5D1F3 /* nonfree.hpp */,
				B353080168DCA97D7DF8732F /* ocl.hpp */,
			);
			name = nonfree;
			sourceTree = "<group>";
		};
		86FEC009E2721D0FB23338D7 /* features2d */ = {
			isa = PBXGroup;
			children = (
				61339778C58D921474B5729E /* features2d.hpp */,
			);
			name = features2d;
			sourceTree = "<group>";
		};
		961A625BD21068033782887C /* legacy */ = {
			isa = PBXGroup;
			children = (
				5D966EA1AA66E2D55D047733 /* blobtrack.hpp */,
				665780A3005496E3A4A0D9EF /* compat.hpp */,
				8530EAD600CD792B81B2E79D /* legacy.hpp */,
				60179A75A6C5F9A54DA3A64C /* streams.hpp */,
			);
			name = legacy;
			sourceTree = "<group>";
		};
		9C99831C330874C2B245AB48 /* highgui */ = {
			isa = PBXGroup;
			children = (
				293D553B5067FBB8DEFA84D9 /* cap_ios.h */,
				C61D3DACE506E4A1C3A6D782 /* highgui.hpp */,
				AE433383D6CA170C418C8A9E /* highgui_c.h */,
				0B87BF43E5302005FEF650B6 /* ios.h */,
			);
			name = highgui;
			sourceTree = "<group>";
		};
		A0B90D3B0ADB9C1716816714 /* ofxOpenCv */ = {
			isa = PBXGroup;
			children = (
				C756CAAFD542831674E15FE6 /* src */,
				DCC60D6724B56635AE867535 /* libs */,
				C2C8DDF81EA0286F20F44CF5 /* frameworks */,
			);
			name = ofxOpenCv;
			sourceTree = "<group>";
		};
		A5A3A2F98919E2243C73199C /* core */ = {
			isa = PBXGroup;
			children = (
				C1A2E81B4FD0713346D7E806 /* affine.hpp */,
				C66C6414C8B86FDB99ED3B70 /* core.hpp */,
				087522EA37A32B8D902CAB64 /* core_c.h */,
				E798C88F1A0E2511E1756CE0 /* cuda_devptrs.hpp */,
				4CD2228F2C8116D51179E3A3 /* devmem2d.hpp */,
				A2EE5E80B134EA52A8B369D2 /* eigen.hpp */,
				4CFA8A81B93736DE82F0090A /* gpumat.hpp */,
				452417865E4BFB10C9CBF8A2 /* internal.hpp */,
				AB2AE477F82ACF17D0121166 /* mat.hpp */,
				73CB9E4F6812598081C2FE01 /* opengl_interop.hpp */,
				311F65A208008448840A0A42 /* opengl_interop_deprecated.hpp */,
				E4385429A1E63ACEDC39A612 /* operations.hpp */,
				CD8565F2F122EECA0C095526 /* types_c.h */,
				E8AF1E9150AD818FA9D9195D /* version.hpp */,
				A9C85208C7E45FB9D1926789 /* wimage.hpp */,
			);
			name = core;
			sourceTree = "<group>";
		};
		AAA97F42C2FE4A31ECFD0585 /* opencv */ = {
			isa = PBXGroup;
			children = (
				F9F05170CB9BDF47DA2B6E6A /* include */,
			);
			name = opencv;
			sourceTree = "<group>";
		};
		AF43D9569510BEB0E2DFB944 /* stitching */ = {
			isa = PBXGroup;
			children = (
				303E2D4AF80E80BD1FD5E5F6 /* detail */,
				D2E468A43F6E981DD9B460B5 /* stitcher.hpp */,
				F2F75C2513DDF24A79A894DF /* warpers.hpp */,
			);
			name = stitching;
			sourceTree = "<group>";
		};
		B00B77C01F326B9900E1F723 /* src */ = {
			isa = PBXGroup;
			children = (
				B0B9CF991F32895A00B07B89 /* shaders */,
				B00B77E61F326C1F00E1F723 /* UI */,
				B00B77D91F326C0B00E1F723 /* AppViewControllers */,
				B00B77CC1F326BE100E1F723 /* Apps */,
				B00B77C91F326BC300E1F723 /* main.mm */,
			);
			name = src;
			path = "New Group";
			sourceTree = "<group>";
		};
		B00B77CC1F326BE100E1F723 /* Apps */ = {
			isa = PBXGroup;
			children = (
				B00B77D31F326BE900E1F723 /* ofApp.h */,
				B00B77D21F326BE900E1F723 /* ofApp.mm */,
				B0A8AC9D1F352604007ED56D /* ARProcessor.mm */,
				B0A8AC9E1F352604007ED56D /* ARProcessor.h */,
			);
			path = Apps;
			sourceTree = "<group>";
		};
		B00B77D91F326C0B00E1F723 /* AppViewControllers */ = {
			isa = PBXGroup;
			children = (
				B00B77DE1F326C0B00E1F723 /* OFAppViewController.h */,
				B00B77DF1F326C0B00E1F723 /* OFAppViewController.mm */,
			);
			name = AppViewControllers;
			path = src/AppViewControllers;
			sourceTree = SOURCE_ROOT;
		};
		B00B77E61F326C1F00E1F723 /* UI */ = {
			isa = PBXGroup;
			children = (
				B00B77E71F326C1F00E1F723 /* MyAppDelegate.h */,
				B00B77E81F326C1F00E1F723 /* MyAppDelegate.mm */,
				B00B77E91F326C1F00E1F723 /* MyAppViewController.h */,
				B00B77EA1F326C1F00E1F723 /* MyAppViewController.mm */,
			);
			name = UI;
			path = src/UI;
			sourceTree = SOURCE_ROOT;
		};
		B0B9CF991F32895A00B07B89 /* shaders */ = {
			isa = PBXGroup;
			children = (
				B0B9CFA11F329B4000B07B89 /* camera.frag */,
				B0B9CFA01F329B4000B07B89 /* camera.vert */,
			);
			path = shaders;
			sourceTree = "<group>";
		};
		B0C1B9741F324C96005BA387 /* Frameworks */ = {
			isa = PBXGroup;
			children = (
				B0A8AC751F33E8E4007ED56D /* CoreImage.framework */,
				B0C1B9751F324C96005BA387 /* ARKit.framework */,
			);
			name = Frameworks;
			sourceTree = "<group>";
		};
		BB16E9930F2B1E5900518274 /* libs */ = {
			isa = PBXGroup;
			children = (
				BBE5E94E0F497BD800F28951 /* core */,
			);
			name = libs;
			sourceTree = "<group>";
		};
		BB16F26B0F2B646B00518274 /* addons */ = {
			isa = PBXGroup;
			children = (
				A0B90D3B0ADB9C1716816714 /* ofxOpenCv */,
			);
			name = addons;
			sourceTree = "<group>";
		};
		BB24E1F710DAA51900E9C588 /* openFrameworks */ = {
			isa = PBXGroup;
			children = (
				E41D40FD13B3A0D800A75A5D /* iOS+OFLib.xcodeproj */,
				32CA4F630368D1EE00C91783 /* ofxiOS_Prefix.pch */,
				BB24DDC910DA781C00E9C588 /* ofxiOS-Info.plist */,
				E41D3EE513B3906D00A75A5D /* CoreOF.xcconfig */,
				6948EE371B920CB800B5AC1A /* local_addons */,
				E41D3ED613B38FB500A75A5D /* Project.xcconfig */,
			);
			name = openFrameworks;
			sourceTree = "<group>";
		};
		BBE5E94E0F497BD800F28951 /* core */ = {
			isa = PBXGroup;
			children = (
				29B97323FDCFA39411CA2CEA /* core frameworks */,
			);
			name = core;
			sourceTree = "<group>";
		};
		C2C8DDF81EA0286F20F44CF5 /* frameworks */ = {
			isa = PBXGroup;
			children = (
				CF6F9415A1CDA4F93172643E /* AssetsLibrary.framework */,
			);
			name = frameworks;
			sourceTree = "<group>";
		};
		C58CC92A5283B95AA31D50FB /* video */ = {
			isa = PBXGroup;
			children = (
				71C98C3F44D63B39F1482A54 /* background_segm.hpp */,
				E14D3EF03E140F5604900412 /* tracking.hpp */,
				97FBD89E6180673035AD1083 /* video.hpp */,
			);
			name = video;
			sourceTree = "<group>";
		};
		C756CAAFD542831674E15FE6 /* src */ = {
			isa = PBXGroup;
			children = (
				603F2267D449084A4187A049 /* ofxCvBlob.h */,
				CE9C7160245B19131DAE6128 /* ofxCvColorImage.cpp */,
				D5BB6F0357B6422E1B1656B4 /* ofxCvColorImage.h */,
				8E79CF8911DFABAFE23EA45B /* ofxCvConstants.h */,
				C76DE5C29BDBD2CAA1DD0021 /* ofxCvContourFinder.cpp */,
				C1C56D20A1A57DC44096BFE7 /* ofxCvContourFinder.h */,
				7B6A03390302D5A2C9F0E4AB /* ofxCvFloatImage.cpp */,
				F7269F96AC34A2B44A680D03 /* ofxCvFloatImage.h */,
				057122A817D12571F8C0C7A4 /* ofxCvGrayscaleImage.cpp */,
				9A048549F08C6DFFA79E6DEF /* ofxCvGrayscaleImage.h */,
				9A16CBF2E8CFE43AF54FE6F5 /* ofxCvHaarFinder.cpp */,
				516717F84C0146512C47A3EC /* ofxCvHaarFinder.h */,
				C6151136D101F857DAE12722 /* ofxCvImage.cpp */,
				D847EBE484F4F500F9CF2549 /* ofxCvImage.h */,
				8A4DD23693DFAB8EC05FAA5D /* ofxCvShortImage.cpp */,
				DEA2EDC0AFD59176FDEDC222 /* ofxCvShortImage.h */,
				CE81A5E39EB3C871FDF3D4D5 /* ofxOpenCv.h */,
			);
			name = src;
			sourceTree = "<group>";
		};
		C830064088936DB0F1158554 /* device */ = {
			isa = PBXGroup;
			children = (
				A1E5C3C977BF213B183ABC28 /* block.hpp */,
				F38AB91361456BF84AB04DD1 /* border_interpolate.hpp */,
				FD2373742F56BFA0EF7FBF09 /* color.hpp */,
				5A5CDEE1BFF097614562CD88 /* common.hpp */,
				960BD311ABBA7D3299D7FE1F /* datamov_utils.hpp */,
				DF5D380A1A4583A1636503A6 /* detail */,
				C362FD421E9C5E4962E410EB /* dynamic_smem.hpp */,
				6940F9A28CDC85ED7D1847C1 /* emulation.hpp */,
				F0FCA82EC2A69AEB3BA6AF38 /* filters.hpp */,
				EBBA82550412B77EFA70AE87 /* funcattrib.hpp */,
				3ADB4E06C4EDB97E020A778D /* functional.hpp */,
				84238297E460936905B92D16 /* limits.hpp */,
				B1DCC53B17C50537AACC8DF0 /* reduce.hpp */,
				35EEEA3F57EFB3D7DE4C0DED /* saturate_cast.hpp */,
				FB2852BC651C91987A1C26FB /* scan.hpp */,
				5105862F1606831E9239FEAF /* simd_functions.hpp */,
				0ADD044A3066779F3673F1FE /* static_check.hpp */,
				A2C86A44C1FD1CB1DD189DFA /* transform.hpp */,
				AF7C3C8465AD112E066C67A7 /* type_traits.hpp */,
				63152EF07846DECD2854B62C /* utility.hpp */,
				7D86D41170A02B361853AB73 /* vec_distance.hpp */,
				1AD5FD8CB7EA240501080287 /* vec_math.hpp */,
				18E16A7CA55F6761C64833F7 /* vec_traits.hpp */,
				74889E354F64911B56A1CAD1 /* warp.hpp */,
				41E9090E543FC2D51BFD312C /* warp_reduce.hpp */,
				0339099A1F7B84040D88AD3C /* warp_shuffle.hpp */,
			);
			name = device;
			sourceTree = "<group>";
		};
		D0CAFE48EE488EEED9149670 /* objdetect */ = {
			isa = PBXGroup;
			children = (
				97CFAD0B2F2DB004A8A3BC0B /* objdetect.hpp */,
			);
			name = objdetect;
			sourceTree = "<group>";
		};
		DCC60D6724B56635AE867535 /* libs */ = {
			isa = PBXGroup;
			children = (
				AAA97F42C2FE4A31ECFD0585 /* opencv */,
			);
			name = libs;
			sourceTree = "<group>";
		};
		DF5D380A1A4583A1636503A6 /* detail */ = {
			isa = PBXGroup;
			children = (
				37D155721DCC51F3D1DC2E02 /* color_detail.hpp */,
				1C490B8705672F1410388922 /* reduce.hpp */,
				417A0B7154103C22ECC253E8 /* reduce_key_val.hpp */,
				C4BA8097B54C90163F99F5C1 /* transform_detail.hpp */,
				2B75A06D9EF1817256BA26F6 /* type_traits_detail.hpp */,
				E21FF871B93E31DA43FE7E42 /* vec_distance_detail.hpp */,
			);
			name = detail;
			sourceTree = "<group>";
		};
		E41D40FE13B3A0D800A75A5D /* Products */ = {
			isa = PBXGroup;
			children = (
				E41D410213B3A0D800A75A5D /* libofxiOS_iphoneos_Debug.a */,
			);
			name = Products;
			sourceTree = "<group>";
		};
		ED977EFE7B82B0D53CB5C778 /* superres */ = {
			isa = PBXGroup;
			children = (
				B09FCFF976DCEACB7C7C8D4E /* optical_flow.hpp */,
				C65A89034372885C3F7259F5 /* superres.hpp */,
			);
			name = superres;
			sourceTree = "<group>";
		};
		F9F05170CB9BDF47DA2B6E6A /* include */ = {
			isa = PBXGroup;
			children = (
				737B033AA777B67BA4F8F4D2 /* opencv */,
				0F07FE174552DEF007BF5AD5 /* opencv2 */,
			);
			name = include;
			sourceTree = "<group>";
		};
/* End PBXGroup section */

/* Begin PBXNativeTarget section */
		1D6058900D05DD3D006BFB54 /* ARToolkit */ = {
			isa = PBXNativeTarget;
			buildConfigurationList = 1D6058960D05DD3E006BFB54 /* Build configuration list for PBXNativeTarget "ARToolkit" */;
			buildPhases = (
				1D60588D0D05DD3D006BFB54 /* Resources */,
				1D60588E0D05DD3D006BFB54 /* Sources */,
				1D60588F0D05DD3D006BFB54 /* Frameworks */,
				9255DD331112741900D6945E /* ShellScript */,
			);
			buildRules = (
			);
			dependencies = (
				E41D410413B3A11300A75A5D /* PBXTargetDependency */,
			);
			name = ARToolkit;
			productName = iPhone;
			productReference = 1D6058910D05DD3D006BFB54 /* ARToolkit.app */;
			productType = "com.apple.product-type.application";
		};
/* End PBXNativeTarget section */

/* Begin PBXProject section */
		29B97313FDCFA39411CA2CEA /* Project object */ = {
			isa = PBXProject;
			attributes = {
				LastUpgradeCheck = 0600;
				TargetAttributes = {
					1D6058900D05DD3D006BFB54 = {
						DevelopmentTeam = TW4BB5ETMV;
					};
				};
			};
			buildConfigurationList = C01FCF4E08A954540054247B /* Build configuration list for PBXProject "ARToolkit" */;
			compatibilityVersion = "Xcode 3.2";
			developmentRegion = English;
			hasScannedForEncodings = 1;
			knownRegions = (
				English,
				Japanese,
				French,
				German,
			);
			mainGroup = 29B97314FDCFA39411CA2CEA /* CustomTemplate */;
			projectDirPath = "";
			projectReferences = (
				{
					ProductGroup = E41D40FE13B3A0D800A75A5D /* Products */;
					ProjectRef = E41D40FD13B3A0D800A75A5D /* iOS+OFLib.xcodeproj */;
				},
			);
			projectRoot = "";
			targets = (
				1D6058900D05DD3D006BFB54 /* ARToolkit */,
			);
		};
/* End PBXProject section */

/* Begin PBXReferenceProxy section */
		E41D410213B3A0D800A75A5D /* libofxiOS_iphoneos_Debug.a */ = {
			isa = PBXReferenceProxy;
			fileType = archive.ar;
			path = libofxiOS_iphoneos_Debug.a;
			remoteRef = E41D410113B3A0D800A75A5D /* PBXContainerItemProxy */;
			sourceTree = BUILT_PRODUCTS_DIR;
		};
/* End PBXReferenceProxy section */

/* Begin PBXResourcesBuildPhase section */
		1D60588D0D05DD3D006BFB54 /* Resources */ = {
			isa = PBXResourcesBuildPhase;
			buildActionMask = 2147483647;
			files = (
				678E130817951530005B6D19 /* Icon@2x.png in Resources */,
				678E130A17951536005B6D19 /* Icon.png in Resources */,
				678E130C1795153C005B6D19 /* Default.png in Resources */,
				678E130E17951540005B6D19 /* Default@2x.png in Resources */,
				678E131017951549005B6D19 /* Default-568h@2x~iphone.png in Resources */,
			);
			runOnlyForDeploymentPostprocessing = 0;
		};
/* End PBXResourcesBuildPhase section */

/* Begin PBXShellScriptBuildPhase section */
		9255DD331112741900D6945E /* ShellScript */ = {
			isa = PBXShellScriptBuildPhase;
			buildActionMask = 2147483647;
			files = (
			);
			inputPaths = (
			);
			outputPaths = (
			);
			runOnlyForDeploymentPostprocessing = 0;
			shellPath = /bin/sh;
			shellScript = "rsync -avz --exclude='.DS_Store' \"${SRCROOT}/bin/data/\" \"${TARGET_BUILD_DIR}/${UNLOCALIZED_RESOURCES_FOLDER_PATH}\"";
		};
/* End PBXShellScriptBuildPhase section */

/* Begin PBXSourcesBuildPhase section */
		1D60588E0D05DD3D006BFB54 /* Sources */ = {
			isa = PBXSourcesBuildPhase;
			buildActionMask = 2147483647;
			files = (
				B00B77EB1F326C2500E1F723 /* MyAppDelegate.mm in Sources */,
				B00B77EC1F326C2500E1F723 /* MyAppViewController.mm in Sources */,
				B00B77E41F326C1700E1F723 /* OFAppViewController.mm in Sources */,
				B00B77D71F326C0200E1F723 /* ofApp.mm in Sources */,
				B00B77CA1F326BD800E1F723 /* main.mm in Sources */,
				250A95BA26587BE85DB0A353 /* ofxCvColorImage.cpp in Sources */,
				1D5F3298C2FA073628012944 /* ofxCvContourFinder.cpp in Sources */,
				169D3C72FDE6C5590A1616F5 /* ofxCvFloatImage.cpp in Sources */,
				FB09C6B2A1DA0EA217240CB8 /* ofxCvGrayscaleImage.cpp in Sources */,
				E212C821D1064B92DD953A42 /* ofxCvHaarFinder.cpp in Sources */,
				B0A8AC9F1F352604007ED56D /* ARProcessor.mm in Sources */,
				63020F16C7E8DED980111241 /* ofxCvImage.cpp in Sources */,
				D3301F6A0B43BB293ED97C1D /* ofxCvShortImage.cpp in Sources */,
			);
			runOnlyForDeploymentPostprocessing = 0;
		};
/* End PBXSourcesBuildPhase section */

/* Begin PBXTargetDependency section */
		E41D410413B3A11300A75A5D /* PBXTargetDependency */ = {
			isa = PBXTargetDependency;
			name = "iPhone+OF Static Library";
			targetProxy = E41D410313B3A11300A75A5D /* PBXContainerItemProxy */;
		};
/* End PBXTargetDependency section */

/* Begin XCBuildConfiguration section */
		1D6058940D05DD3E006BFB54 /* Debug */ = {
			isa = XCBuildConfiguration;
			buildSettings = {
				ALWAYS_SEARCH_USER_PATHS = NO;
				DEVELOPMENT_TEAM = TW4BB5ETMV;
				GCC_PRECOMPILE_PREFIX_HEADER = YES;
				GCC_PREFIX_HEADER = ofxiOS_Prefix.pch;
				"GCC_WARN_64_TO_32_BIT_CONVERSION[arch=*64]" = NO;
				INFOPLIST_FILE = "ofxiOS-Info.plist";
				IPHONEOS_DEPLOYMENT_TARGET = 11.0;
				PRODUCT_BUNDLE_IDENTIFIER = org.level;
				PRODUCT_NAME = "${TARGET_NAME}";
				VALID_ARCHS = "$(ARCHS_STANDARD)";
			};
			name = Debug;
		};
		1D6058950D05DD3E006BFB54 /* Release */ = {
			isa = XCBuildConfiguration;
			buildSettings = {
				DEVELOPMENT_TEAM = TW4BB5ETMV;
				GCC_PRECOMPILE_PREFIX_HEADER = YES;
				GCC_PREFIX_HEADER = ofxiOS_Prefix.pch;
				"GCC_WARN_64_TO_32_BIT_CONVERSION[arch=*64]" = NO;
				INFOPLIST_FILE = "ofxiOS-Info.plist";
				IPHONEOS_DEPLOYMENT_TARGET = 11.0;
				PRODUCT_BUNDLE_IDENTIFIER = org.level;
				PRODUCT_NAME = "${TARGET_NAME}";
				VALID_ARCHS = "$(ARCHS_STANDARD)";
			};
			name = Release;
		};
		C01FCF4F08A954540054247B /* Debug */ = {
			isa = XCBuildConfiguration;
			baseConfigurationReference = E41D3ED613B38FB500A75A5D /* Project.xcconfig */;
			buildSettings = {
				ALWAYS_SEARCH_USER_PATHS = YES;
				CLANG_CXX_LIBRARY = "libc++";
				CODE_SIGN_IDENTITY = "";
				"CODE_SIGN_IDENTITY[sdk=iphoneos*]" = "iPhone Developer";
				"CODE_SIGN_IDENTITY[sdk=iphonesimulator*]" = "";
				COMPRESS_PNG_FILES = NO;
				GCC_C_LANGUAGE_STANDARD = c11;
				GCC_OPTIMIZATION_LEVEL = 0;
				GCC_SYMBOLS_PRIVATE_EXTERN = NO;
				"GCC_WARN_64_TO_32_BIT_CONVERSION[arch=*64]" = NO;
				GCC_WARN_ABOUT_INVALID_OFFSETOF_MACRO = NO;
				GCC_WARN_ABOUT_POINTER_SIGNEDNESS = NO;
				GCC_WARN_ABOUT_RETURN_TYPE = YES;
				GCC_WARN_ALLOW_INCOMPLETE_PROTOCOL = NO;
				GCC_WARN_PROTOTYPE_CONVERSION = NO;
				GCC_WARN_UNUSED_VARIABLE = YES;
				HEADER_SEARCH_PATHS = (
					"$(OF_CORE_HEADERS)",
					../../../addons/ofxOpenCv/libs,
					../../../addons/ofxOpenCv/libs/opencv,
					../../../addons/ofxOpenCv/libs/opencv/include,
					../../../addons/ofxOpenCv/libs/opencv/include/opencv,
					../../../addons/ofxOpenCv/libs/opencv/include/opencv2,
					../../../addons/ofxOpenCv/libs/opencv/include/opencv2/calib3d,
					../../../addons/ofxOpenCv/libs/opencv/include/opencv2/contrib,
					../../../addons/ofxOpenCv/libs/opencv/include/opencv2/core,
					../../../addons/ofxOpenCv/libs/opencv/include/opencv2/features2d,
					../../../addons/ofxOpenCv/libs/opencv/include/opencv2/flann,
					../../../addons/ofxOpenCv/libs/opencv/include/opencv2/gpu,
					../../../addons/ofxOpenCv/libs/opencv/include/opencv2/gpu/device,
					../../../addons/ofxOpenCv/libs/opencv/include/opencv2/gpu/device/detail,
					../../../addons/ofxOpenCv/libs/opencv/include/opencv2/highgui,
					../../../addons/ofxOpenCv/libs/opencv/include/opencv2/imgproc,
					../../../addons/ofxOpenCv/libs/opencv/include/opencv2/legacy,
					../../../addons/ofxOpenCv/libs/opencv/include/opencv2/ml,
					../../../addons/ofxOpenCv/libs/opencv/include/opencv2/nonfree,
					../../../addons/ofxOpenCv/libs/opencv/include/opencv2/objdetect,
					../../../addons/ofxOpenCv/libs/opencv/include/opencv2/photo,
					../../../addons/ofxOpenCv/libs/opencv/include/opencv2/stitching,
					../../../addons/ofxOpenCv/libs/opencv/include/opencv2/stitching/detail,
					../../../addons/ofxOpenCv/libs/opencv/include/opencv2/superres,
					../../../addons/ofxOpenCv/libs/opencv/include/opencv2/ts,
					../../../addons/ofxOpenCv/libs/opencv/include/opencv2/video,
					../../../addons/ofxOpenCv/libs/opencv/include/opencv2/videostab,
					../../../addons/ofxOpenCv/libs/opencv/lib,
					../../../addons/ofxOpenCv/libs/opencv/lib/emscripten,
					../../../addons/ofxOpenCv/libs/opencv/lib/ios,
					../../../addons/ofxOpenCv/libs/opencv/license,
					../../../addons/ofxOpenCv/src,
				);
				IPHONEOS_DEPLOYMENT_TARGET = 5.1.1;
				ONLY_ACTIVE_ARCH = NO;
				OTHER_LDFLAGS = (
					"$(OF_CORE_FRAMEWORKS)",
					"$(OF_CORE_LIBS)",
					../../../addons/ofxOpenCv/libs/opencv/lib/ios/opencv_calib3d.a,
					../../../addons/ofxOpenCv/libs/opencv/lib/ios/opencv_contrib.a,
					../../../addons/ofxOpenCv/libs/opencv/lib/ios/opencv_core.a,
					../../../addons/ofxOpenCv/libs/opencv/lib/ios/opencv_features2d.a,
					../../../addons/ofxOpenCv/libs/opencv/lib/ios/opencv_flann.a,
					../../../addons/ofxOpenCv/libs/opencv/lib/ios/opencv_highgui.a,
					../../../addons/ofxOpenCv/libs/opencv/lib/ios/opencv_imgproc.a,
					../../../addons/ofxOpenCv/libs/opencv/lib/ios/opencv_legacy.a,
					../../../addons/ofxOpenCv/libs/opencv/lib/ios/opencv_ml.a,
					../../../addons/ofxOpenCv/libs/opencv/lib/ios/opencv_nonfree.a,
					../../../addons/ofxOpenCv/libs/opencv/lib/ios/opencv_objdetect.a,
					../../../addons/ofxOpenCv/libs/opencv/lib/ios/opencv_photo.a,
					../../../addons/ofxOpenCv/libs/opencv/lib/ios/opencv_stitching.a,
					../../../addons/ofxOpenCv/libs/opencv/lib/ios/opencv_video.a,
					../../../addons/ofxOpenCv/libs/opencv/lib/ios/opencv_videostab.a,
				);
				"PROVISIONING_PROFILE[sdk=iphoneos*]" = "";
				SDKROOT = iphoneos;
				TARGETED_DEVICE_FAMILY = 1;
				VALID_ARCHS = "$(ARCHS_STANDARD)";
				WARNING_LDFLAGS = "-no_arch_warnings";
			};
			name = Debug;
		};
		C01FCF5008A954540054247B /* Release */ = {
			isa = XCBuildConfiguration;
			baseConfigurationReference = E41D3ED613B38FB500A75A5D /* Project.xcconfig */;
			buildSettings = {
				ALWAYS_SEARCH_USER_PATHS = YES;
				CLANG_CXX_LIBRARY = "libc++";
				CODE_SIGN_IDENTITY = "";
				"CODE_SIGN_IDENTITY[sdk=iphoneos*]" = "iPhone Developer";
				"CODE_SIGN_IDENTITY[sdk=iphonesimulator*]" = "";
				COMPRESS_PNG_FILES = NO;
				GCC_C_LANGUAGE_STANDARD = c11;
				GCC_DYNAMIC_NO_PIC = NO;
				GCC_GENERATE_DEBUGGING_SYMBOLS = NO;
				GCC_OPTIMIZATION_LEVEL = s;
				GCC_SYMBOLS_PRIVATE_EXTERN = NO;
				GCC_THUMB_SUPPORT = NO;
				"GCC_WARN_64_TO_32_BIT_CONVERSION[arch=*64]" = NO;
				GCC_WARN_ABOUT_RETURN_TYPE = YES;
				GCC_WARN_UNUSED_VARIABLE = YES;
				HEADER_SEARCH_PATHS = (
					"$(OF_CORE_HEADERS)",
					../../../addons/ofxOpenCv/libs,
					../../../addons/ofxOpenCv/libs/opencv,
					../../../addons/ofxOpenCv/libs/opencv/include,
					../../../addons/ofxOpenCv/libs/opencv/include/opencv,
					../../../addons/ofxOpenCv/libs/opencv/include/opencv2,
					../../../addons/ofxOpenCv/libs/opencv/include/opencv2/calib3d,
					../../../addons/ofxOpenCv/libs/opencv/include/opencv2/contrib,
					../../../addons/ofxOpenCv/libs/opencv/include/opencv2/core,
					../../../addons/ofxOpenCv/libs/opencv/include/opencv2/features2d,
					../../../addons/ofxOpenCv/libs/opencv/include/opencv2/flann,
					../../../addons/ofxOpenCv/libs/opencv/include/opencv2/gpu,
					../../../addons/ofxOpenCv/libs/opencv/include/opencv2/gpu/device,
					../../../addons/ofxOpenCv/libs/opencv/include/opencv2/gpu/device/detail,
					../../../addons/ofxOpenCv/libs/opencv/include/opencv2/highgui,
					../../../addons/ofxOpenCv/libs/opencv/include/opencv2/imgproc,
					../../../addons/ofxOpenCv/libs/opencv/include/opencv2/legacy,
					../../../addons/ofxOpenCv/libs/opencv/include/opencv2/ml,
					../../../addons/ofxOpenCv/libs/opencv/include/opencv2/nonfree,
					../../../addons/ofxOpenCv/libs/opencv/include/opencv2/objdetect,
					../../../addons/ofxOpenCv/libs/opencv/include/opencv2/photo,
					../../../addons/ofxOpenCv/libs/opencv/include/opencv2/stitching,
					../../../addons/ofxOpenCv/libs/opencv/include/opencv2/stitching/detail,
					../../../addons/ofxOpenCv/libs/opencv/include/opencv2/superres,
					../../../addons/ofxOpenCv/libs/opencv/include/opencv2/ts,
					../../../addons/ofxOpenCv/libs/opencv/include/opencv2/video,
					../../../addons/ofxOpenCv/libs/opencv/include/opencv2/videostab,
					../../../addons/ofxOpenCv/libs/opencv/lib,
					../../../addons/ofxOpenCv/libs/opencv/lib/emscripten,
					../../../addons/ofxOpenCv/libs/opencv/lib/ios,
					../../../addons/ofxOpenCv/libs/opencv/license,
					../../../addons/ofxOpenCv/src,
				);
				IPHONEOS_DEPLOYMENT_TARGET = 5.1.1;
				ONLY_ACTIVE_ARCH = NO;
				OTHER_LDFLAGS = (
					"$(OF_CORE_FRAMEWORKS)",
					"$(OF_CORE_LIBS)",
					../../../addons/ofxOpenCv/libs/opencv/lib/ios/opencv_calib3d.a,
					../../../addons/ofxOpenCv/libs/opencv/lib/ios/opencv_contrib.a,
					../../../addons/ofxOpenCv/libs/opencv/lib/ios/opencv_core.a,
					../../../addons/ofxOpenCv/libs/opencv/lib/ios/opencv_features2d.a,
					../../../addons/ofxOpenCv/libs/opencv/lib/ios/opencv_flann.a,
					../../../addons/ofxOpenCv/libs/opencv/lib/ios/opencv_highgui.a,
					../../../addons/ofxOpenCv/libs/opencv/lib/ios/opencv_imgproc.a,
					../../../addons/ofxOpenCv/libs/opencv/lib/ios/opencv_legacy.a,
					../../../addons/ofxOpenCv/libs/opencv/lib/ios/opencv_ml.a,
					../../../addons/ofxOpenCv/libs/opencv/lib/ios/opencv_nonfree.a,
					../../../addons/ofxOpenCv/libs/opencv/lib/ios/opencv_objdetect.a,
					../../../addons/ofxOpenCv/libs/opencv/lib/ios/opencv_photo.a,
					../../../addons/ofxOpenCv/libs/opencv/lib/ios/opencv_stitching.a,
					../../../addons/ofxOpenCv/libs/opencv/lib/ios/opencv_video.a,
					../../../addons/ofxOpenCv/libs/opencv/lib/ios/opencv_videostab.a,
				);
				SDKROOT = iphoneos;
				TARGETED_DEVICE_FAMILY = 1;
				VALID_ARCHS = "$(ARCHS_STANDARD)";
				WARNING_LDFLAGS = "-no_arch_warnings";
			};
			name = Release;
		};
/* End XCBuildConfiguration section */

/* Begin XCConfigurationList section */
		1D6058960D05DD3E006BFB54 /* Build configuration list for PBXNativeTarget "ARToolkit" */ = {
			isa = XCConfigurationList;
			buildConfigurations = (
				1D6058940D05DD3E006BFB54 /* Debug */,
				1D6058950D05DD3E006BFB54 /* Release */,
			);
			defaultConfigurationIsVisible = 0;
			defaultConfigurationName = Release;
		};
		C01FCF4E08A954540054247B /* Build configuration list for PBXProject "ARToolkit" */ = {
			isa = XCConfigurationList;
			buildConfigurations = (
				C01FCF4F08A954540054247B /* Debug */,
				C01FCF5008A954540054247B /* Release */,
			);
			defaultConfigurationIsVisible = 0;
			defaultConfigurationName = Release;
		};
/* End XCConfigurationList section */
	};
	rootObject = 29B97313FDCFA39411CA2CEA /* Project object */;
}
